// !$*UTF8*$!
{
	archiveVersion = 1;
	classes = {
	};
	objectVersion = 50;
	objects = {

/* Begin PBXBuildFile section */
		40364C4121147A1600DE5DF5 /* MainAssemblerTests.swift in Sources */ = {isa = PBXBuildFile; fileRef = 40364C4021147A1600DE5DF5 /* MainAssemblerTests.swift */; };
		40364C4321147B4000DE5DF5 /* APIClientTests.swift in Sources */ = {isa = PBXBuildFile; fileRef = 40364C4221147B4000DE5DF5 /* APIClientTests.swift */; };
		4039F5C9211375C900C71043 /* RxSwift.framework in Frameworks */ = {isa = PBXBuildFile; fileRef = 4039F5C5211375C900C71043 /* RxSwift.framework */; };
		4039F5CA211375C900C71043 /* Swinject.framework in Frameworks */ = {isa = PBXBuildFile; fileRef = 4039F5C6211375C900C71043 /* Swinject.framework */; };
		4039F5CB211375C900C71043 /* RxCocoa.framework in Frameworks */ = {isa = PBXBuildFile; fileRef = 4039F5C7211375C900C71043 /* RxCocoa.framework */; };
		4039F5CC211375C900C71043 /* DZNEmptyDataSet.framework in Frameworks */ = {isa = PBXBuildFile; fileRef = 4039F5C8211375C900C71043 /* DZNEmptyDataSet.framework */; };
		4039F5D12113773100C71043 /* GradientButton.swift in Sources */ = {isa = PBXBuildFile; fileRef = 4039F5D02113773100C71043 /* GradientButton.swift */; };
		4039F5D32113774A00C71043 /* UIColor+Hex.swift in Sources */ = {isa = PBXBuildFile; fileRef = 4039F5D22113774A00C71043 /* UIColor+Hex.swift */; };
		4039F5D62113779100C71043 /* Theme.swift in Sources */ = {isa = PBXBuildFile; fileRef = 4039F5D52113779100C71043 /* Theme.swift */; };
		4039F5D821138D1A00C71043 /* BaseView.swift in Sources */ = {isa = PBXBuildFile; fileRef = 4039F5D721138D1A00C71043 /* BaseView.swift */; };
		4039F5DA21138D3E00C71043 /* XibInitializable.swift in Sources */ = {isa = PBXBuildFile; fileRef = 4039F5D921138D3E00C71043 /* XibInitializable.swift */; };
		4039F5DC21138D7900C71043 /* SearchViewController.swift in Sources */ = {isa = PBXBuildFile; fileRef = 4039F5DB21138D7900C71043 /* SearchViewController.swift */; };
		4039F5DE21138DA900C71043 /* SearchView.swift in Sources */ = {isa = PBXBuildFile; fileRef = 4039F5DD21138DA900C71043 /* SearchView.swift */; };
		4039F5E021138DC900C71043 /* SearchView.xib in Resources */ = {isa = PBXBuildFile; fileRef = 4039F5DF21138DC900C71043 /* SearchView.xib */; };
		4039F5E4211390EB00C71043 /* SearchViewControllerTests.swift in Sources */ = {isa = PBXBuildFile; fileRef = 4039F5E3211390EB00C71043 /* SearchViewControllerTests.swift */; };
		4039F5E62113924800C71043 /* AppCoordinator.swift in Sources */ = {isa = PBXBuildFile; fileRef = 4039F5E52113924800C71043 /* AppCoordinator.swift */; };
		4039F5E82113997200C71043 /* CustomTextField.swift in Sources */ = {isa = PBXBuildFile; fileRef = 4039F5E72113997200C71043 /* CustomTextField.swift */; };
		4039F5EA2113A70600C71043 /* MovieDataProvider.swift in Sources */ = {isa = PBXBuildFile; fileRef = 4039F5E92113A70600C71043 /* MovieDataProvider.swift */; };
		4039F5EC2113BC8900C71043 /* Dispatcher.swift in Sources */ = {isa = PBXBuildFile; fileRef = 4039F5EB2113BC8900C71043 /* Dispatcher.swift */; };
		4039F5EE2113BCCC00C71043 /* BackendResponse.swift in Sources */ = {isa = PBXBuildFile; fileRef = 4039F5ED2113BCCC00C71043 /* BackendResponse.swift */; };
		4039F5F02113BD2E00C71043 /* BackendResponseTests.swift in Sources */ = {isa = PBXBuildFile; fileRef = 4039F5EF2113BD2E00C71043 /* BackendResponseTests.swift */; };
		4039F5F22113BD6700C71043 /* DispatcherTests.swift in Sources */ = {isa = PBXBuildFile; fileRef = 4039F5F12113BD6700C71043 /* DispatcherTests.swift */; };
		4039F5F42113BDFA00C71043 /* APIClient.swift in Sources */ = {isa = PBXBuildFile; fileRef = 4039F5F32113BDFA00C71043 /* APIClient.swift */; };
		4039F5F62113C37300C71043 /* MainAssembler.swift in Sources */ = {isa = PBXBuildFile; fileRef = 4039F5F52113C37300C71043 /* MainAssembler.swift */; };
		4039F5F92113C3D500C71043 /* RequestMock.swift in Sources */ = {isa = PBXBuildFile; fileRef = 4039F5F82113C3D500C71043 /* RequestMock.swift */; };
		4039F5FC2113C59800C71043 /* DispatcherMock.swift in Sources */ = {isa = PBXBuildFile; fileRef = 4039F5FB2113C59800C71043 /* DispatcherMock.swift */; };
		4039F5FE2113C5F900C71043 /* URLSessionMock.swift in Sources */ = {isa = PBXBuildFile; fileRef = 4039F5FD2113C5F900C71043 /* URLSessionMock.swift */; };
		4039F6022113DD6F00C71043 /* SessionProtocol.swift in Sources */ = {isa = PBXBuildFile; fileRef = 4039F6012113DD6F00C71043 /* SessionProtocol.swift */; };
		4039F6062113EFA000C71043 /* APIKeyFetcher.swift in Sources */ = {isa = PBXBuildFile; fileRef = 4039F6052113EFA000C71043 /* APIKeyFetcher.swift */; };
		4039F6082113F92A00C71043 /* SearchRequest.swift in Sources */ = {isa = PBXBuildFile; fileRef = 4039F6072113F92A00C71043 /* SearchRequest.swift */; };
		4039F60C2114005100C71043 /* APIKey.plist in Resources */ = {isa = PBXBuildFile; fileRef = 4039F60B2114005100C71043 /* APIKey.plist */; };
		4039F60E2114022500C71043 /* APIKeyFetcherTests.swift in Sources */ = {isa = PBXBuildFile; fileRef = 4039F60D2114022500C71043 /* APIKeyFetcherTests.swift */; };
		404EBB9E21149BC500C25B13 /* MovieJSONParser.swift in Sources */ = {isa = PBXBuildFile; fileRef = 404EBB9D21149BC500C25B13 /* MovieJSONParser.swift */; };
		404EBBA121149F2300C25B13 /* SearchAssembly.swift in Sources */ = {isa = PBXBuildFile; fileRef = 404EBBA021149F2300C25B13 /* SearchAssembly.swift */; };
		404EBBA42114B37400C25B13 /* SearchFactory.swift in Sources */ = {isa = PBXBuildFile; fileRef = 404EBBA32114B37400C25B13 /* SearchFactory.swift */; };
		404EBBA72114D20300C25B13 /* MovieCell.swift in Sources */ = {isa = PBXBuildFile; fileRef = 404EBBA52114D20300C25B13 /* MovieCell.swift */; };
		404EBBA82114D20300C25B13 /* MovieCell.xib in Resources */ = {isa = PBXBuildFile; fileRef = 404EBBA62114D20300C25B13 /* MovieCell.xib */; };
		404EBBAA2114D36D00C25B13 /* SearchViewController+UICollectionViewDelegateFlowLayout.swift in Sources */ = {isa = PBXBuildFile; fileRef = 404EBBA92114D36D00C25B13 /* SearchViewController+UICollectionViewDelegateFlowLayout.swift */; };
		404EBBAC2114EB9100C25B13 /* MoviePresenter.swift in Sources */ = {isa = PBXBuildFile; fileRef = 404EBBAB2114EB9100C25B13 /* MoviePresenter.swift */; };
		404EBBAE2114F9EF00C25B13 /* Page.swift in Sources */ = {isa = PBXBuildFile; fileRef = 404EBBAD2114F9EF00C25B13 /* Page.swift */; };
		404EBBB02114FB1F00C25B13 /* PageParser.swift in Sources */ = {isa = PBXBuildFile; fileRef = 404EBBAF2114FB1F00C25B13 /* PageParser.swift */; };
		40AF181E211408880002C411 /* SearchRequestTests.swift in Sources */ = {isa = PBXBuildFile; fileRef = 40AF181D211408880002C411 /* SearchRequestTests.swift */; };
		40C8ED272111C72F00A3F2E2 /* AppDelegate.swift in Sources */ = {isa = PBXBuildFile; fileRef = 40C8ED262111C72F00A3F2E2 /* AppDelegate.swift */; };
		40C8ED2E2111C73200A3F2E2 /* Assets.xcassets in Resources */ = {isa = PBXBuildFile; fileRef = 40C8ED2D2111C73200A3F2E2 /* Assets.xcassets */; };
		40C8ED312111C73200A3F2E2 /* LaunchScreen.storyboard in Resources */ = {isa = PBXBuildFile; fileRef = 40C8ED2F2111C73200A3F2E2 /* LaunchScreen.storyboard */; };
		40C8ED3C2111C73200A3F2E2 /* MovieDBSearchTests.swift in Sources */ = {isa = PBXBuildFile; fileRef = 40C8ED3B2111C73200A3F2E2 /* MovieDBSearchTests.swift */; };
		40C8ED472111C73200A3F2E2 /* MovieDBSearchUITests.swift in Sources */ = {isa = PBXBuildFile; fileRef = 40C8ED462111C73200A3F2E2 /* MovieDBSearchUITests.swift */; };
		40C8ED612111CE9C00A3F2E2 /* UIView+Constraints.swift in Sources */ = {isa = PBXBuildFile; fileRef = 40C8ED602111CE9C00A3F2E2 /* UIView+Constraints.swift */; };
		40C8ED652111D8DF00A3F2E2 /* HTTPMethod.swift in Sources */ = {isa = PBXBuildFile; fileRef = 40C8ED642111D8DF00A3F2E2 /* HTTPMethod.swift */; };
		40C8ED672111D8ED00A3F2E2 /* HTTPMethodTests.swift in Sources */ = {isa = PBXBuildFile; fileRef = 40C8ED662111D8ED00A3F2E2 /* HTTPMethodTests.swift */; };
		40C8ED692111D97800A3F2E2 /* RequestParams.swift in Sources */ = {isa = PBXBuildFile; fileRef = 40C8ED682111D97800A3F2E2 /* RequestParams.swift */; };
		40C8ED6B2111D98600A3F2E2 /* RequestParamsTests.swift in Sources */ = {isa = PBXBuildFile; fileRef = 40C8ED6A2111D98600A3F2E2 /* RequestParamsTests.swift */; };
		40C8ED6D2111DA7900A3F2E2 /* Request.swift in Sources */ = {isa = PBXBuildFile; fileRef = 40C8ED6C2111DA7900A3F2E2 /* Request.swift */; };
		40C8ED6F2111DA9B00A3F2E2 /* RequestTests.swift in Sources */ = {isa = PBXBuildFile; fileRef = 40C8ED6E2111DA9B00A3F2E2 /* RequestTests.swift */; };
		40E483B32115BCEA00A8659B /* MovieLoadingCell.swift in Sources */ = {isa = PBXBuildFile; fileRef = 40E483B12115BCEA00A8659B /* MovieLoadingCell.swift */; };
		40E483B42115BCEA00A8659B /* MovieLoadingCell.xib in Resources */ = {isa = PBXBuildFile; fileRef = 40E483B22115BCEA00A8659B /* MovieLoadingCell.xib */; };
		40E483B62115BD9500A8659B /* GradientView.swift in Sources */ = {isa = PBXBuildFile; fileRef = 40E483B52115BD9500A8659B /* GradientView.swift */; };
		40ECA864211486DE00164ADD /* MovieDataProviderTests.swift in Sources */ = {isa = PBXBuildFile; fileRef = 40ECA863211486DE00164ADD /* MovieDataProviderTests.swift */; };
		40ECA8672114971A00164ADD /* MovieParser.swift in Sources */ = {isa = PBXBuildFile; fileRef = 40ECA8662114971A00164ADD /* MovieParser.swift */; };
		40ECA8692114973C00164ADD /* Movie.swift in Sources */ = {isa = PBXBuildFile; fileRef = 40ECA8682114973C00164ADD /* Movie.swift */; };
		40ECA86C211497A900164ADD /* MovieTests.swift in Sources */ = {isa = PBXBuildFile; fileRef = 40ECA86B211497A900164ADD /* MovieTests.swift */; };
		40ECA86F21149A3F00164ADD /* SwiftyJSON.framework in Frameworks */ = {isa = PBXBuildFile; fileRef = 40ECA86E21149A3F00164ADD /* SwiftyJSON.framework */; };
		40ECA87121149AB200164ADD /* Nuke.framework in Frameworks */ = {isa = PBXBuildFile; fileRef = 40ECA87021149AB200164ADD /* Nuke.framework */; };
/* End PBXBuildFile section */

/* Begin PBXContainerItemProxy section */
		40C8ED382111C73200A3F2E2 /* PBXContainerItemProxy */ = {
			isa = PBXContainerItemProxy;
			containerPortal = 40C8ED1B2111C72F00A3F2E2 /* Project object */;
			proxyType = 1;
			remoteGlobalIDString = 40C8ED222111C72F00A3F2E2;
			remoteInfo = MovieDBSearch;
		};
		40C8ED432111C73200A3F2E2 /* PBXContainerItemProxy */ = {
			isa = PBXContainerItemProxy;
			containerPortal = 40C8ED1B2111C72F00A3F2E2 /* Project object */;
			proxyType = 1;
			remoteGlobalIDString = 40C8ED222111C72F00A3F2E2;
			remoteInfo = MovieDBSearch;
		};
/* End PBXContainerItemProxy section */

/* Begin PBXFileReference section */
		40364C4021147A1600DE5DF5 /* MainAssemblerTests.swift */ = {isa = PBXFileReference; lastKnownFileType = sourcecode.swift; path = MainAssemblerTests.swift; sourceTree = "<group>"; };
		40364C4221147B4000DE5DF5 /* APIClientTests.swift */ = {isa = PBXFileReference; lastKnownFileType = sourcecode.swift; path = APIClientTests.swift; sourceTree = "<group>"; };
		4039F5C5211375C900C71043 /* RxSwift.framework */ = {isa = PBXFileReference; lastKnownFileType = wrapper.framework; name = RxSwift.framework; path = Carthage/Build/iOS/RxSwift.framework; sourceTree = SOURCE_ROOT; };
		4039F5C6211375C900C71043 /* Swinject.framework */ = {isa = PBXFileReference; lastKnownFileType = wrapper.framework; name = Swinject.framework; path = Carthage/Build/iOS/Swinject.framework; sourceTree = SOURCE_ROOT; };
		4039F5C7211375C900C71043 /* RxCocoa.framework */ = {isa = PBXFileReference; lastKnownFileType = wrapper.framework; name = RxCocoa.framework; path = Carthage/Build/iOS/RxCocoa.framework; sourceTree = SOURCE_ROOT; };
		4039F5C8211375C900C71043 /* DZNEmptyDataSet.framework */ = {isa = PBXFileReference; lastKnownFileType = wrapper.framework; name = DZNEmptyDataSet.framework; path = Carthage/Build/iOS/DZNEmptyDataSet.framework; sourceTree = SOURCE_ROOT; };
		4039F5D02113773100C71043 /* GradientButton.swift */ = {isa = PBXFileReference; lastKnownFileType = sourcecode.swift; path = GradientButton.swift; sourceTree = "<group>"; };
		4039F5D22113774A00C71043 /* UIColor+Hex.swift */ = {isa = PBXFileReference; lastKnownFileType = sourcecode.swift; path = "UIColor+Hex.swift"; sourceTree = "<group>"; };
		4039F5D52113779100C71043 /* Theme.swift */ = {isa = PBXFileReference; lastKnownFileType = sourcecode.swift; path = Theme.swift; sourceTree = "<group>"; };
		4039F5D721138D1A00C71043 /* BaseView.swift */ = {isa = PBXFileReference; lastKnownFileType = sourcecode.swift; path = BaseView.swift; sourceTree = "<group>"; };
		4039F5D921138D3E00C71043 /* XibInitializable.swift */ = {isa = PBXFileReference; lastKnownFileType = sourcecode.swift; path = XibInitializable.swift; sourceTree = "<group>"; };
		4039F5DB21138D7900C71043 /* SearchViewController.swift */ = {isa = PBXFileReference; lastKnownFileType = sourcecode.swift; path = SearchViewController.swift; sourceTree = "<group>"; };
		4039F5DD21138DA900C71043 /* SearchView.swift */ = {isa = PBXFileReference; lastKnownFileType = sourcecode.swift; path = SearchView.swift; sourceTree = "<group>"; };
		4039F5DF21138DC900C71043 /* SearchView.xib */ = {isa = PBXFileReference; lastKnownFileType = file.xib; path = SearchView.xib; sourceTree = "<group>"; };
		4039F5E3211390EB00C71043 /* SearchViewControllerTests.swift */ = {isa = PBXFileReference; lastKnownFileType = sourcecode.swift; path = SearchViewControllerTests.swift; sourceTree = "<group>"; };
		4039F5E52113924800C71043 /* AppCoordinator.swift */ = {isa = PBXFileReference; lastKnownFileType = sourcecode.swift; path = AppCoordinator.swift; sourceTree = "<group>"; };
		4039F5E72113997200C71043 /* CustomTextField.swift */ = {isa = PBXFileReference; lastKnownFileType = sourcecode.swift; path = CustomTextField.swift; sourceTree = "<group>"; };
		4039F5E92113A70600C71043 /* MovieDataProvider.swift */ = {isa = PBXFileReference; lastKnownFileType = sourcecode.swift; path = MovieDataProvider.swift; sourceTree = "<group>"; };
		4039F5EB2113BC8900C71043 /* Dispatcher.swift */ = {isa = PBXFileReference; lastKnownFileType = sourcecode.swift; path = Dispatcher.swift; sourceTree = "<group>"; };
		4039F5ED2113BCCC00C71043 /* BackendResponse.swift */ = {isa = PBXFileReference; lastKnownFileType = sourcecode.swift; path = BackendResponse.swift; sourceTree = "<group>"; };
		4039F5EF2113BD2E00C71043 /* BackendResponseTests.swift */ = {isa = PBXFileReference; lastKnownFileType = sourcecode.swift; path = BackendResponseTests.swift; sourceTree = "<group>"; };
		4039F5F12113BD6700C71043 /* DispatcherTests.swift */ = {isa = PBXFileReference; lastKnownFileType = sourcecode.swift; path = DispatcherTests.swift; sourceTree = "<group>"; };
		4039F5F32113BDFA00C71043 /* APIClient.swift */ = {isa = PBXFileReference; lastKnownFileType = sourcecode.swift; path = APIClient.swift; sourceTree = "<group>"; };
		4039F5F52113C37300C71043 /* MainAssembler.swift */ = {isa = PBXFileReference; lastKnownFileType = sourcecode.swift; path = MainAssembler.swift; sourceTree = "<group>"; };
		4039F5F82113C3D500C71043 /* RequestMock.swift */ = {isa = PBXFileReference; lastKnownFileType = sourcecode.swift; path = RequestMock.swift; sourceTree = "<group>"; };
		4039F5FB2113C59800C71043 /* DispatcherMock.swift */ = {isa = PBXFileReference; lastKnownFileType = sourcecode.swift; path = DispatcherMock.swift; sourceTree = "<group>"; };
		4039F5FD2113C5F900C71043 /* URLSessionMock.swift */ = {isa = PBXFileReference; lastKnownFileType = sourcecode.swift; path = URLSessionMock.swift; sourceTree = "<group>"; };
		4039F6012113DD6F00C71043 /* SessionProtocol.swift */ = {isa = PBXFileReference; lastKnownFileType = sourcecode.swift; path = SessionProtocol.swift; sourceTree = "<group>"; };
		4039F6052113EFA000C71043 /* APIKeyFetcher.swift */ = {isa = PBXFileReference; lastKnownFileType = sourcecode.swift; path = APIKeyFetcher.swift; sourceTree = "<group>"; };
		4039F6072113F92A00C71043 /* SearchRequest.swift */ = {isa = PBXFileReference; lastKnownFileType = sourcecode.swift; path = SearchRequest.swift; sourceTree = "<group>"; };
		4039F60B2114005100C71043 /* APIKey.plist */ = {isa = PBXFileReference; lastKnownFileType = text.plist.xml; path = APIKey.plist; sourceTree = "<group>"; };
		4039F60D2114022500C71043 /* APIKeyFetcherTests.swift */ = {isa = PBXFileReference; lastKnownFileType = sourcecode.swift; path = APIKeyFetcherTests.swift; sourceTree = "<group>"; };
		404EBB9D21149BC500C25B13 /* MovieJSONParser.swift */ = {isa = PBXFileReference; lastKnownFileType = sourcecode.swift; path = MovieJSONParser.swift; sourceTree = "<group>"; };
		404EBBA021149F2300C25B13 /* SearchAssembly.swift */ = {isa = PBXFileReference; lastKnownFileType = sourcecode.swift; path = SearchAssembly.swift; sourceTree = "<group>"; };
		404EBBA32114B37400C25B13 /* SearchFactory.swift */ = {isa = PBXFileReference; lastKnownFileType = sourcecode.swift; path = SearchFactory.swift; sourceTree = "<group>"; };
		404EBBA52114D20300C25B13 /* MovieCell.swift */ = {isa = PBXFileReference; lastKnownFileType = sourcecode.swift; path = MovieCell.swift; sourceTree = "<group>"; };
		404EBBA62114D20300C25B13 /* MovieCell.xib */ = {isa = PBXFileReference; lastKnownFileType = file.xib; path = MovieCell.xib; sourceTree = "<group>"; };
		404EBBA92114D36D00C25B13 /* SearchViewController+UICollectionViewDelegateFlowLayout.swift */ = {isa = PBXFileReference; lastKnownFileType = sourcecode.swift; path = "SearchViewController+UICollectionViewDelegateFlowLayout.swift"; sourceTree = "<group>"; };
		404EBBAB2114EB9100C25B13 /* MoviePresenter.swift */ = {isa = PBXFileReference; lastKnownFileType = sourcecode.swift; path = MoviePresenter.swift; sourceTree = "<group>"; };
		404EBBAD2114F9EF00C25B13 /* Page.swift */ = {isa = PBXFileReference; lastKnownFileType = sourcecode.swift; path = Page.swift; sourceTree = "<group>"; };
		404EBBAF2114FB1F00C25B13 /* PageParser.swift */ = {isa = PBXFileReference; lastKnownFileType = sourcecode.swift; path = PageParser.swift; sourceTree = "<group>"; };
		40AF181D211408880002C411 /* SearchRequestTests.swift */ = {isa = PBXFileReference; lastKnownFileType = sourcecode.swift; path = SearchRequestTests.swift; sourceTree = "<group>"; };
		40C8ED232111C72F00A3F2E2 /* MovieDBSearch.app */ = {isa = PBXFileReference; explicitFileType = wrapper.application; includeInIndex = 0; path = MovieDBSearch.app; sourceTree = BUILT_PRODUCTS_DIR; };
		40C8ED262111C72F00A3F2E2 /* AppDelegate.swift */ = {isa = PBXFileReference; lastKnownFileType = sourcecode.swift; path = AppDelegate.swift; sourceTree = "<group>"; };
		40C8ED2D2111C73200A3F2E2 /* Assets.xcassets */ = {isa = PBXFileReference; lastKnownFileType = folder.assetcatalog; path = Assets.xcassets; sourceTree = "<group>"; };
		40C8ED302111C73200A3F2E2 /* Base */ = {isa = PBXFileReference; lastKnownFileType = file.storyboard; name = Base; path = Base.lproj/LaunchScreen.storyboard; sourceTree = "<group>"; };
		40C8ED322111C73200A3F2E2 /* Info.plist */ = {isa = PBXFileReference; lastKnownFileType = text.plist.xml; path = Info.plist; sourceTree = "<group>"; };
		40C8ED372111C73200A3F2E2 /* MovieDBSearchTests.xctest */ = {isa = PBXFileReference; explicitFileType = wrapper.cfbundle; includeInIndex = 0; path = MovieDBSearchTests.xctest; sourceTree = BUILT_PRODUCTS_DIR; };
		40C8ED3B2111C73200A3F2E2 /* MovieDBSearchTests.swift */ = {isa = PBXFileReference; lastKnownFileType = sourcecode.swift; path = MovieDBSearchTests.swift; sourceTree = "<group>"; };
		40C8ED3D2111C73200A3F2E2 /* Info.plist */ = {isa = PBXFileReference; lastKnownFileType = text.plist.xml; path = Info.plist; sourceTree = "<group>"; };
		40C8ED422111C73200A3F2E2 /* MovieDBSearchUITests.xctest */ = {isa = PBXFileReference; explicitFileType = wrapper.cfbundle; includeInIndex = 0; path = MovieDBSearchUITests.xctest; sourceTree = BUILT_PRODUCTS_DIR; };
		40C8ED462111C73200A3F2E2 /* MovieDBSearchUITests.swift */ = {isa = PBXFileReference; lastKnownFileType = sourcecode.swift; path = MovieDBSearchUITests.swift; sourceTree = "<group>"; };
		40C8ED482111C73200A3F2E2 /* Info.plist */ = {isa = PBXFileReference; lastKnownFileType = text.plist.xml; path = Info.plist; sourceTree = "<group>"; };
		40C8ED602111CE9C00A3F2E2 /* UIView+Constraints.swift */ = {isa = PBXFileReference; lastKnownFileType = sourcecode.swift; path = "UIView+Constraints.swift"; sourceTree = "<group>"; };
		40C8ED642111D8DF00A3F2E2 /* HTTPMethod.swift */ = {isa = PBXFileReference; lastKnownFileType = sourcecode.swift; path = HTTPMethod.swift; sourceTree = "<group>"; };
		40C8ED662111D8ED00A3F2E2 /* HTTPMethodTests.swift */ = {isa = PBXFileReference; lastKnownFileType = sourcecode.swift; path = HTTPMethodTests.swift; sourceTree = "<group>"; };
		40C8ED682111D97800A3F2E2 /* RequestParams.swift */ = {isa = PBXFileReference; lastKnownFileType = sourcecode.swift; path = RequestParams.swift; sourceTree = "<group>"; };
		40C8ED6A2111D98600A3F2E2 /* RequestParamsTests.swift */ = {isa = PBXFileReference; lastKnownFileType = sourcecode.swift; path = RequestParamsTests.swift; sourceTree = "<group>"; };
		40C8ED6C2111DA7900A3F2E2 /* Request.swift */ = {isa = PBXFileReference; lastKnownFileType = sourcecode.swift; path = Request.swift; sourceTree = "<group>"; };
		40C8ED6E2111DA9B00A3F2E2 /* RequestTests.swift */ = {isa = PBXFileReference; lastKnownFileType = sourcecode.swift; path = RequestTests.swift; sourceTree = "<group>"; };
		40E483B12115BCEA00A8659B /* MovieLoadingCell.swift */ = {isa = PBXFileReference; lastKnownFileType = sourcecode.swift; path = MovieLoadingCell.swift; sourceTree = "<group>"; };
		40E483B22115BCEA00A8659B /* MovieLoadingCell.xib */ = {isa = PBXFileReference; lastKnownFileType = file.xib; path = MovieLoadingCell.xib; sourceTree = "<group>"; };
		40E483B52115BD9500A8659B /* GradientView.swift */ = {isa = PBXFileReference; lastKnownFileType = sourcecode.swift; path = GradientView.swift; sourceTree = "<group>"; };
		40ECA863211486DE00164ADD /* MovieDataProviderTests.swift */ = {isa = PBXFileReference; lastKnownFileType = sourcecode.swift; path = MovieDataProviderTests.swift; sourceTree = "<group>"; };
		40ECA8662114971A00164ADD /* MovieParser.swift */ = {isa = PBXFileReference; lastKnownFileType = sourcecode.swift; path = MovieParser.swift; sourceTree = "<group>"; };
		40ECA8682114973C00164ADD /* Movie.swift */ = {isa = PBXFileReference; lastKnownFileType = sourcecode.swift; path = Movie.swift; sourceTree = "<group>"; };
		40ECA86B211497A900164ADD /* MovieTests.swift */ = {isa = PBXFileReference; lastKnownFileType = sourcecode.swift; path = MovieTests.swift; sourceTree = "<group>"; };
		40ECA86E21149A3F00164ADD /* SwiftyJSON.framework */ = {isa = PBXFileReference; lastKnownFileType = wrapper.framework; name = SwiftyJSON.framework; path = ../Carthage/Build/iOS/SwiftyJSON.framework; sourceTree = "<group>"; };
		40ECA87021149AB200164ADD /* Nuke.framework */ = {isa = PBXFileReference; lastKnownFileType = wrapper.framework; name = Nuke.framework; path = ../Carthage/Build/iOS/Nuke.framework; sourceTree = "<group>"; };
/* End PBXFileReference section */

/* Begin PBXFrameworksBuildPhase section */
		40C8ED202111C72F00A3F2E2 /* Frameworks */ = {
			isa = PBXFrameworksBuildPhase;
			buildActionMask = 2147483647;
			files = (
				4039F5CB211375C900C71043 /* RxCocoa.framework in Frameworks */,
				4039F5C9211375C900C71043 /* RxSwift.framework in Frameworks */,
				4039F5CC211375C900C71043 /* DZNEmptyDataSet.framework in Frameworks */,
				4039F5CA211375C900C71043 /* Swinject.framework in Frameworks */,
				40ECA87121149AB200164ADD /* Nuke.framework in Frameworks */,
				40ECA86F21149A3F00164ADD /* SwiftyJSON.framework in Frameworks */,
			);
			runOnlyForDeploymentPostprocessing = 0;
		};
		40C8ED342111C73200A3F2E2 /* Frameworks */ = {
			isa = PBXFrameworksBuildPhase;
			buildActionMask = 2147483647;
			files = (
			);
			runOnlyForDeploymentPostprocessing = 0;
		};
		40C8ED3F2111C73200A3F2E2 /* Frameworks */ = {
			isa = PBXFrameworksBuildPhase;
			buildActionMask = 2147483647;
			files = (
			);
			runOnlyForDeploymentPostprocessing = 0;
		};
/* End PBXFrameworksBuildPhase section */

/* Begin PBXGroup section */
		40364C3F211479F800DE5DF5 /* Application */ = {
			isa = PBXGroup;
			children = (
				40364C4021147A1600DE5DF5 /* MainAssemblerTests.swift */,
			);
			path = Application;
			sourceTree = "<group>";
		};
		4039F5C42113757A00C71043 /* Frameworks */ = {
			isa = PBXGroup;
			children = (
				40ECA87021149AB200164ADD /* Nuke.framework */,
				40ECA86E21149A3F00164ADD /* SwiftyJSON.framework */,
				4039F5C8211375C900C71043 /* DZNEmptyDataSet.framework */,
				4039F5C7211375C900C71043 /* RxCocoa.framework */,
				4039F5C5211375C900C71043 /* RxSwift.framework */,
				4039F5C6211375C900C71043 /* Swinject.framework */,
			);
			name = Frameworks;
			sourceTree = "<group>";
		};
		4039F5CE2113771100C71043 /* Base */ = {
			isa = PBXGroup;
			children = (
				4039F5CF2113771800C71043 /* Views */,
			);
			path = Base;
			sourceTree = "<group>";
		};
		4039F5CF2113771800C71043 /* Views */ = {
			isa = PBXGroup;
			children = (
				4039F5D02113773100C71043 /* GradientButton.swift */,
				4039F5D721138D1A00C71043 /* BaseView.swift */,
				4039F5E72113997200C71043 /* CustomTextField.swift */,
				40E483B52115BD9500A8659B /* GradientView.swift */,
			);
			path = Views;
			sourceTree = "<group>";
		};
		4039F5D42113778100C71043 /* Utils */ = {
			isa = PBXGroup;
			children = (
				4039F5D52113779100C71043 /* Theme.swift */,
			);
			path = Utils;
			sourceTree = "<group>";
		};
		4039F5E1211390CC00C71043 /* Features */ = {
			isa = PBXGroup;
			children = (
				4039F5FA2113C55100C71043 /* Search */,
			);
			path = Features;
			sourceTree = "<group>";
		};
		4039F5E2211390D500C71043 /* ViewControllers */ = {
			isa = PBXGroup;
			children = (
				4039F5E3211390EB00C71043 /* SearchViewControllerTests.swift */,
			);
			path = ViewControllers;
			sourceTree = "<group>";
		};
		4039F5F72113C3AE00C71043 /* Mocks */ = {
			isa = PBXGroup;
			children = (
				4039F5F82113C3D500C71043 /* RequestMock.swift */,
				4039F5FB2113C59800C71043 /* DispatcherMock.swift */,
				4039F5FD2113C5F900C71043 /* URLSessionMock.swift */,
			);
			path = Mocks;
			sourceTree = "<group>";
		};
		4039F5FA2113C55100C71043 /* Search */ = {
			isa = PBXGroup;
			children = (
				40ECA86A2114979A00164ADD /* Models */,
				40ECA862211486C800164ADD /* Services */,
				4039F5E2211390D500C71043 /* ViewControllers */,
			);
			path = Search;
			sourceTree = "<group>";
		};
		4039F6092114000A00C71043 /* Resources */ = {
			isa = PBXGroup;
			children = (
				4039F60A2114001B00C71043 /* Plists */,
				40C8ED2D2111C73200A3F2E2 /* Assets.xcassets */,
			);
			path = Resources;
			sourceTree = "<group>";
		};
		4039F60A2114001B00C71043 /* Plists */ = {
			isa = PBXGroup;
			children = (
				4039F60B2114005100C71043 /* APIKey.plist */,
			);
			path = Plists;
			sourceTree = "<group>";
		};
		404EBB9F21149EE000C25B13 /* DI */ = {
			isa = PBXGroup;
			children = (
				404EBBA021149F2300C25B13 /* SearchAssembly.swift */,
			);
			path = DI;
			sourceTree = "<group>";
		};
		404EBBA22114B30F00C25B13 /* Factory */ = {
			isa = PBXGroup;
			children = (
				404EBBA32114B37400C25B13 /* SearchFactory.swift */,
			);
			path = Factory;
			sourceTree = "<group>";
		};
		40C8ED1A2111C72F00A3F2E2 = {
			isa = PBXGroup;
			children = (
				40C8ED252111C72F00A3F2E2 /* MovieDBSearch */,
				40C8ED3A2111C73200A3F2E2 /* MovieDBSearchTests */,
				40C8ED452111C73200A3F2E2 /* MovieDBSearchUITests */,
				40C8ED242111C72F00A3F2E2 /* Products */,
				40ECA86D21149A3E00164ADD /* Frameworks */,
			);
			sourceTree = "<group>";
		};
		40C8ED242111C72F00A3F2E2 /* Products */ = {
			isa = PBXGroup;
			children = (
				40C8ED232111C72F00A3F2E2 /* MovieDBSearch.app */,
				40C8ED372111C73200A3F2E2 /* MovieDBSearchTests.xctest */,
				40C8ED422111C73200A3F2E2 /* MovieDBSearchUITests.xctest */,
			);
			name = Products;
			sourceTree = "<group>";
		};
		40C8ED252111C72F00A3F2E2 /* MovieDBSearch */ = {
			isa = PBXGroup;
			children = (
				4039F6092114000A00C71043 /* Resources */,
				4039F5D42113778100C71043 /* Utils */,
				4039F5CE2113771100C71043 /* Base */,
				4039F5C42113757A00C71043 /* Frameworks */,
				40C8ED622111D8B600A3F2E2 /* Network */,
				40C8ED5F2111C86F00A3F2E2 /* Extensions */,
				40C8ED5E2111C86900A3F2E2 /* Protocols */,
				40C8ED5D2111C82B00A3F2E2 /* Application */,
				40C8ED542111C7CB00A3F2E2 /* Features */,
				40C8ED2F2111C73200A3F2E2 /* LaunchScreen.storyboard */,
				40C8ED322111C73200A3F2E2 /* Info.plist */,
			);
			path = MovieDBSearch;
			sourceTree = "<group>";
		};
		40C8ED3A2111C73200A3F2E2 /* MovieDBSearchTests */ = {
			isa = PBXGroup;
			children = (
				40364C3F211479F800DE5DF5 /* Application */,
				4039F5F72113C3AE00C71043 /* Mocks */,
				4039F5E1211390CC00C71043 /* Features */,
				40C8ED632111D8C700A3F2E2 /* Network */,
				40C8ED3B2111C73200A3F2E2 /* MovieDBSearchTests.swift */,
				40C8ED3D2111C73200A3F2E2 /* Info.plist */,
			);
			path = MovieDBSearchTests;
			sourceTree = "<group>";
		};
		40C8ED452111C73200A3F2E2 /* MovieDBSearchUITests */ = {
			isa = PBXGroup;
			children = (
				40C8ED462111C73200A3F2E2 /* MovieDBSearchUITests.swift */,
				40C8ED482111C73200A3F2E2 /* Info.plist */,
			);
			path = MovieDBSearchUITests;
			sourceTree = "<group>";
		};
		40C8ED542111C7CB00A3F2E2 /* Features */ = {
			isa = PBXGroup;
			children = (
				40C8ED552111C7D200A3F2E2 /* Search */,
			);
			path = Features;
			sourceTree = "<group>";
		};
		40C8ED552111C7D200A3F2E2 /* Search */ = {
			isa = PBXGroup;
			children = (
				404EBBA22114B30F00C25B13 /* Factory */,
				404EBB9F21149EE000C25B13 /* DI */,
				40ECA865211496A100164ADD /* Translator */,
				40C8ED5C2111C81700A3F2E2 /* Presenter */,
				40C8ED5A2111C7F400A3F2E2 /* Models */,
				40C8ED562111C7D800A3F2E2 /* Services */,
				40C8ED592111C7EB00A3F2E2 /* UI */,
				40C8ED572111C7DE00A3F2E2 /* ViewControllers */,
				40C8ED582111C7E400A3F2E2 /* Views */,
			);
			path = Search;
			sourceTree = "<group>";
		};
		40C8ED562111C7D800A3F2E2 /* Services */ = {
			isa = PBXGroup;
			children = (
				4039F5E92113A70600C71043 /* MovieDataProvider.swift */,
			);
			path = Services;
			sourceTree = "<group>";
		};
		40C8ED572111C7DE00A3F2E2 /* ViewControllers */ = {
			isa = PBXGroup;
			children = (
				4039F5DB21138D7900C71043 /* SearchViewController.swift */,
				404EBBA92114D36D00C25B13 /* SearchViewController+UICollectionViewDelegateFlowLayout.swift */,
			);
			path = ViewControllers;
			sourceTree = "<group>";
		};
		40C8ED582111C7E400A3F2E2 /* Views */ = {
			isa = PBXGroup;
			children = (
				4039F5DD21138DA900C71043 /* SearchView.swift */,
				404EBBA52114D20300C25B13 /* MovieCell.swift */,
				40E483B12115BCEA00A8659B /* MovieLoadingCell.swift */,
			);
			path = Views;
			sourceTree = "<group>";
		};
		40C8ED592111C7EB00A3F2E2 /* UI */ = {
			isa = PBXGroup;
			children = (
				4039F5DF21138DC900C71043 /* SearchView.xib */,
				404EBBA62114D20300C25B13 /* MovieCell.xib */,
				40E483B22115BCEA00A8659B /* MovieLoadingCell.xib */,
			);
			path = UI;
			sourceTree = "<group>";
		};
		40C8ED5A2111C7F400A3F2E2 /* Models */ = {
			isa = PBXGroup;
			children = (
				40ECA8682114973C00164ADD /* Movie.swift */,
				404EBBAD2114F9EF00C25B13 /* Page.swift */,
			);
			path = Models;
			sourceTree = "<group>";
		};
		40C8ED5C2111C81700A3F2E2 /* Presenter */ = {
			isa = PBXGroup;
			children = (
				404EBBAB2114EB9100C25B13 /* MoviePresenter.swift */,
			);
			path = Presenter;
			sourceTree = "<group>";
		};
		40C8ED5D2111C82B00A3F2E2 /* Application */ = {
			isa = PBXGroup;
			children = (
				40C8ED262111C72F00A3F2E2 /* AppDelegate.swift */,
				4039F5E52113924800C71043 /* AppCoordinator.swift */,
				4039F5F52113C37300C71043 /* MainAssembler.swift */,
			);
			path = Application;
			sourceTree = "<group>";
		};
		40C8ED5E2111C86900A3F2E2 /* Protocols */ = {
			isa = PBXGroup;
			children = (
				4039F5D921138D3E00C71043 /* XibInitializable.swift */,
				4039F6012113DD6F00C71043 /* SessionProtocol.swift */,
			);
			path = Protocols;
			sourceTree = "<group>";
		};
		40C8ED5F2111C86F00A3F2E2 /* Extensions */ = {
			isa = PBXGroup;
			children = (
				40C8ED602111CE9C00A3F2E2 /* UIView+Constraints.swift */,
				4039F5D22113774A00C71043 /* UIColor+Hex.swift */,
			);
			path = Extensions;
			sourceTree = "<group>";
		};
		40C8ED622111D8B600A3F2E2 /* Network */ = {
			isa = PBXGroup;
			children = (
				40C8ED642111D8DF00A3F2E2 /* HTTPMethod.swift */,
				40C8ED682111D97800A3F2E2 /* RequestParams.swift */,
				40C8ED6C2111DA7900A3F2E2 /* Request.swift */,
				4039F5EB2113BC8900C71043 /* Dispatcher.swift */,
				4039F5ED2113BCCC00C71043 /* BackendResponse.swift */,
				4039F5F32113BDFA00C71043 /* APIClient.swift */,
				4039F6052113EFA000C71043 /* APIKeyFetcher.swift */,
				4039F6072113F92A00C71043 /* SearchRequest.swift */,
			);
			path = Network;
			sourceTree = "<group>";
		};
		40C8ED632111D8C700A3F2E2 /* Network */ = {
			isa = PBXGroup;
			children = (
				40C8ED662111D8ED00A3F2E2 /* HTTPMethodTests.swift */,
				40C8ED6A2111D98600A3F2E2 /* RequestParamsTests.swift */,
				40C8ED6E2111DA9B00A3F2E2 /* RequestTests.swift */,
				4039F5EF2113BD2E00C71043 /* BackendResponseTests.swift */,
				4039F5F12113BD6700C71043 /* DispatcherTests.swift */,
				4039F60D2114022500C71043 /* APIKeyFetcherTests.swift */,
				40AF181D211408880002C411 /* SearchRequestTests.swift */,
				40364C4221147B4000DE5DF5 /* APIClientTests.swift */,
			);
			path = Network;
			sourceTree = "<group>";
		};
		40ECA862211486C800164ADD /* Services */ = {
			isa = PBXGroup;
			children = (
				40ECA863211486DE00164ADD /* MovieDataProviderTests.swift */,
			);
			path = Services;
			sourceTree = "<group>";
		};
		40ECA865211496A100164ADD /* Translator */ = {
			isa = PBXGroup;
			children = (
				40ECA8662114971A00164ADD /* MovieParser.swift */,
				404EBB9D21149BC500C25B13 /* MovieJSONParser.swift */,
				404EBBAF2114FB1F00C25B13 /* PageParser.swift */,
			);
			name = Translator;
			path = "New Group";
			sourceTree = "<group>";
		};
		40ECA86A2114979A00164ADD /* Models */ = {
			isa = PBXGroup;
			children = (
				40ECA86B211497A900164ADD /* MovieTests.swift */,
			);
			path = Models;
			sourceTree = "<group>";
		};
		40ECA86D21149A3E00164ADD /* Frameworks */ = {
			isa = PBXGroup;
			children = (
			);
			name = Frameworks;
			sourceTree = "<group>";
		};
/* End PBXGroup section */

/* Begin PBXNativeTarget section */
		40C8ED222111C72F00A3F2E2 /* MovieDBSearch */ = {
			isa = PBXNativeTarget;
			buildConfigurationList = 40C8ED4B2111C73200A3F2E2 /* Build configuration list for PBXNativeTarget "MovieDBSearch" */;
			buildPhases = (
				40C8ED1F2111C72F00A3F2E2 /* Sources */,
				40C8ED202111C72F00A3F2E2 /* Frameworks */,
				40C8ED212111C72F00A3F2E2 /* Resources */,
				4039F5CD2113760B00C71043 /* Carthage Frameworks */,
			);
			buildRules = (
			);
			dependencies = (
			);
			name = MovieDBSearch;
			productName = MovieDBSearch;
			productReference = 40C8ED232111C72F00A3F2E2 /* MovieDBSearch.app */;
			productType = "com.apple.product-type.application";
		};
		40C8ED362111C73200A3F2E2 /* MovieDBSearchTests */ = {
			isa = PBXNativeTarget;
			buildConfigurationList = 40C8ED4E2111C73200A3F2E2 /* Build configuration list for PBXNativeTarget "MovieDBSearchTests" */;
			buildPhases = (
				40C8ED332111C73200A3F2E2 /* Sources */,
				40C8ED342111C73200A3F2E2 /* Frameworks */,
				40C8ED352111C73200A3F2E2 /* Resources */,
			);
			buildRules = (
			);
			dependencies = (
				40C8ED392111C73200A3F2E2 /* PBXTargetDependency */,
			);
			name = MovieDBSearchTests;
			productName = MovieDBSearchTests;
			productReference = 40C8ED372111C73200A3F2E2 /* MovieDBSearchTests.xctest */;
			productType = "com.apple.product-type.bundle.unit-test";
		};
		40C8ED412111C73200A3F2E2 /* MovieDBSearchUITests */ = {
			isa = PBXNativeTarget;
			buildConfigurationList = 40C8ED512111C73200A3F2E2 /* Build configuration list for PBXNativeTarget "MovieDBSearchUITests" */;
			buildPhases = (
				40C8ED3E2111C73200A3F2E2 /* Sources */,
				40C8ED3F2111C73200A3F2E2 /* Frameworks */,
				40C8ED402111C73200A3F2E2 /* Resources */,
			);
			buildRules = (
			);
			dependencies = (
				40C8ED442111C73200A3F2E2 /* PBXTargetDependency */,
			);
			name = MovieDBSearchUITests;
			productName = MovieDBSearchUITests;
			productReference = 40C8ED422111C73200A3F2E2 /* MovieDBSearchUITests.xctest */;
			productType = "com.apple.product-type.bundle.ui-testing";
		};
/* End PBXNativeTarget section */

/* Begin PBXProject section */
		40C8ED1B2111C72F00A3F2E2 /* Project object */ = {
			isa = PBXProject;
			attributes = {
				LastSwiftUpdateCheck = 0940;
				LastUpgradeCheck = 0940;
				ORGANIZATIONNAME = "Ibrahima Ciss";
				TargetAttributes = {
					40C8ED222111C72F00A3F2E2 = {
						CreatedOnToolsVersion = 9.4;
					};
					40C8ED362111C73200A3F2E2 = {
						CreatedOnToolsVersion = 9.4;
						TestTargetID = 40C8ED222111C72F00A3F2E2;
					};
					40C8ED412111C73200A3F2E2 = {
						CreatedOnToolsVersion = 9.4;
						TestTargetID = 40C8ED222111C72F00A3F2E2;
					};
				};
			};
			buildConfigurationList = 40C8ED1E2111C72F00A3F2E2 /* Build configuration list for PBXProject "MovieDBSearch" */;
			compatibilityVersion = "Xcode 9.3";
			developmentRegion = en;
			hasScannedForEncodings = 0;
			knownRegions = (
				en,
				Base,
			);
			mainGroup = 40C8ED1A2111C72F00A3F2E2;
			productRefGroup = 40C8ED242111C72F00A3F2E2 /* Products */;
			projectDirPath = "";
			projectRoot = "";
			targets = (
				40C8ED222111C72F00A3F2E2 /* MovieDBSearch */,
				40C8ED362111C73200A3F2E2 /* MovieDBSearchTests */,
				40C8ED412111C73200A3F2E2 /* MovieDBSearchUITests */,
			);
		};
/* End PBXProject section */

/* Begin PBXResourcesBuildPhase section */
		40C8ED212111C72F00A3F2E2 /* Resources */ = {
			isa = PBXResourcesBuildPhase;
			buildActionMask = 2147483647;
			files = (
				4039F5E021138DC900C71043 /* SearchView.xib in Resources */,
				40E483B42115BCEA00A8659B /* MovieLoadingCell.xib in Resources */,
				4039F60C2114005100C71043 /* APIKey.plist in Resources */,
				40C8ED312111C73200A3F2E2 /* LaunchScreen.storyboard in Resources */,
				40C8ED2E2111C73200A3F2E2 /* Assets.xcassets in Resources */,
				404EBBA82114D20300C25B13 /* MovieCell.xib in Resources */,
			);
			runOnlyForDeploymentPostprocessing = 0;
		};
		40C8ED352111C73200A3F2E2 /* Resources */ = {
			isa = PBXResourcesBuildPhase;
			buildActionMask = 2147483647;
			files = (
			);
			runOnlyForDeploymentPostprocessing = 0;
		};
		40C8ED402111C73200A3F2E2 /* Resources */ = {
			isa = PBXResourcesBuildPhase;
			buildActionMask = 2147483647;
			files = (
			);
			runOnlyForDeploymentPostprocessing = 0;
		};
/* End PBXResourcesBuildPhase section */

/* Begin PBXShellScriptBuildPhase section */
		4039F5CD2113760B00C71043 /* Carthage Frameworks */ = {
			isa = PBXShellScriptBuildPhase;
			buildActionMask = 2147483647;
			files = (
			);
			inputPaths = (
				"$(SRCROOT)/Carthage/Build/iOS/DZNEmptyDataSet.framework",
				"$(SRCROOT)/Carthage/Build/iOS/RxCocoa.framework",
				"$(SRCROOT)/Carthage/Build/iOS/RxSwift.framework",
				"$(SRCROOT)/Carthage/Build/iOS/Swinject.framework",
				"$(SRCROOT)/Carthage/Build/iOS/Nuke.framework",
				"$(SRCROOT)/Carthage/Build/iOS/SwiftyJSON.framework",
			);
			name = "Carthage Frameworks";
			outputPaths = (
			);
			runOnlyForDeploymentPostprocessing = 0;
			shellPath = /bin/sh;
			shellScript = "/usr/local/bin/carthage copy-frameworks\n";
		};
/* End PBXShellScriptBuildPhase section */

/* Begin PBXSourcesBuildPhase section */
		40C8ED1F2111C72F00A3F2E2 /* Sources */ = {
			isa = PBXSourcesBuildPhase;
			buildActionMask = 2147483647;
			files = (
				4039F5D62113779100C71043 /* Theme.swift in Sources */,
				404EBB9E21149BC500C25B13 /* MovieJSONParser.swift in Sources */,
				4039F5EC2113BC8900C71043 /* Dispatcher.swift in Sources */,
				404EBBAC2114EB9100C25B13 /* MoviePresenter.swift in Sources */,
				4039F5D12113773100C71043 /* GradientButton.swift in Sources */,
				4039F5DA21138D3E00C71043 /* XibInitializable.swift in Sources */,
				4039F5D32113774A00C71043 /* UIColor+Hex.swift in Sources */,
				4039F5EE2113BCCC00C71043 /* BackendResponse.swift in Sources */,
				4039F5F42113BDFA00C71043 /* APIClient.swift in Sources */,
				40C8ED692111D97800A3F2E2 /* RequestParams.swift in Sources */,
				40C8ED6D2111DA7900A3F2E2 /* Request.swift in Sources */,
				4039F5E62113924800C71043 /* AppCoordinator.swift in Sources */,
				4039F5EA2113A70600C71043 /* MovieDataProvider.swift in Sources */,
				4039F6022113DD6F00C71043 /* SessionProtocol.swift in Sources */,
				4039F5DC21138D7900C71043 /* SearchViewController.swift in Sources */,
				404EBBA72114D20300C25B13 /* MovieCell.swift in Sources */,
				4039F6082113F92A00C71043 /* SearchRequest.swift in Sources */,
				40ECA8692114973C00164ADD /* Movie.swift in Sources */,
				404EBBA42114B37400C25B13 /* SearchFactory.swift in Sources */,
				4039F6062113EFA000C71043 /* APIKeyFetcher.swift in Sources */,
				40E483B32115BCEA00A8659B /* MovieLoadingCell.swift in Sources */,
				40C8ED652111D8DF00A3F2E2 /* HTTPMethod.swift in Sources */,
				40E483B62115BD9500A8659B /* GradientView.swift in Sources */,
				404EBBB02114FB1F00C25B13 /* PageParser.swift in Sources */,
				4039F5F62113C37300C71043 /* MainAssembler.swift in Sources */,
				404EBBA121149F2300C25B13 /* SearchAssembly.swift in Sources */,
				404EBBAA2114D36D00C25B13 /* SearchViewController+UICollectionViewDelegateFlowLayout.swift in Sources */,
				4039F5DE21138DA900C71043 /* SearchView.swift in Sources */,
				40C8ED612111CE9C00A3F2E2 /* UIView+Constraints.swift in Sources */,
				4039F5D821138D1A00C71043 /* BaseView.swift in Sources */,
				40C8ED272111C72F00A3F2E2 /* AppDelegate.swift in Sources */,
				40ECA8672114971A00164ADD /* MovieParser.swift in Sources */,
				404EBBAE2114F9EF00C25B13 /* Page.swift in Sources */,
				4039F5E82113997200C71043 /* CustomTextField.swift in Sources */,
			);
			runOnlyForDeploymentPostprocessing = 0;
		};
		40C8ED332111C73200A3F2E2 /* Sources */ = {
			isa = PBXSourcesBuildPhase;
			buildActionMask = 2147483647;
			files = (
				4039F60E2114022500C71043 /* APIKeyFetcherTests.swift in Sources */,
				40ECA864211486DE00164ADD /* MovieDataProviderTests.swift in Sources */,
				4039F5FE2113C5F900C71043 /* URLSessionMock.swift in Sources */,
				40C8ED672111D8ED00A3F2E2 /* HTTPMethodTests.swift in Sources */,
				40364C4321147B4000DE5DF5 /* APIClientTests.swift in Sources */,
				4039F5E4211390EB00C71043 /* SearchViewControllerTests.swift in Sources */,
				4039F5FC2113C59800C71043 /* DispatcherMock.swift in Sources */,
				40AF181E211408880002C411 /* SearchRequestTests.swift in Sources */,
				40C8ED6F2111DA9B00A3F2E2 /* RequestTests.swift in Sources */,
				40364C4121147A1600DE5DF5 /* MainAssemblerTests.swift in Sources */,
				4039F5F02113BD2E00C71043 /* BackendResponseTests.swift in Sources */,
				40C8ED3C2111C73200A3F2E2 /* MovieDBSearchTests.swift in Sources */,
				40C8ED6B2111D98600A3F2E2 /* RequestParamsTests.swift in Sources */,
				4039F5F22113BD6700C71043 /* DispatcherTests.swift in Sources */,
				40ECA86C211497A900164ADD /* MovieTests.swift in Sources */,
				4039F5F92113C3D500C71043 /* RequestMock.swift in Sources */,
			);
			runOnlyForDeploymentPostprocessing = 0;
		};
		40C8ED3E2111C73200A3F2E2 /* Sources */ = {
			isa = PBXSourcesBuildPhase;
			buildActionMask = 2147483647;
			files = (
				40C8ED472111C73200A3F2E2 /* MovieDBSearchUITests.swift in Sources */,
			);
			runOnlyForDeploymentPostprocessing = 0;
		};
/* End PBXSourcesBuildPhase section */

/* Begin PBXTargetDependency section */
		40C8ED392111C73200A3F2E2 /* PBXTargetDependency */ = {
			isa = PBXTargetDependency;
			target = 40C8ED222111C72F00A3F2E2 /* MovieDBSearch */;
			targetProxy = 40C8ED382111C73200A3F2E2 /* PBXContainerItemProxy */;
		};
		40C8ED442111C73200A3F2E2 /* PBXTargetDependency */ = {
			isa = PBXTargetDependency;
			target = 40C8ED222111C72F00A3F2E2 /* MovieDBSearch */;
			targetProxy = 40C8ED432111C73200A3F2E2 /* PBXContainerItemProxy */;
		};
/* End PBXTargetDependency section */

/* Begin PBXVariantGroup section */
		40C8ED2F2111C73200A3F2E2 /* LaunchScreen.storyboard */ = {
			isa = PBXVariantGroup;
			children = (
				40C8ED302111C73200A3F2E2 /* Base */,
			);
			name = LaunchScreen.storyboard;
			sourceTree = "<group>";
		};
/* End PBXVariantGroup section */

/* Begin XCBuildConfiguration section */
		40C8ED492111C73200A3F2E2 /* Debug */ = {
			isa = XCBuildConfiguration;
			buildSettings = {
				ALWAYS_SEARCH_USER_PATHS = NO;
				CLANG_ANALYZER_NONNULL = YES;
				CLANG_ANALYZER_NUMBER_OBJECT_CONVERSION = YES_AGGRESSIVE;
				CLANG_CXX_LANGUAGE_STANDARD = "gnu++14";
				CLANG_CXX_LIBRARY = "libc++";
				CLANG_ENABLE_MODULES = YES;
				CLANG_ENABLE_OBJC_ARC = YES;
				CLANG_ENABLE_OBJC_WEAK = YES;
				CLANG_WARN_BLOCK_CAPTURE_AUTORELEASING = YES;
				CLANG_WARN_BOOL_CONVERSION = YES;
				CLANG_WARN_COMMA = YES;
				CLANG_WARN_CONSTANT_CONVERSION = YES;
				CLANG_WARN_DEPRECATED_OBJC_IMPLEMENTATIONS = YES;
				CLANG_WARN_DIRECT_OBJC_ISA_USAGE = YES_ERROR;
				CLANG_WARN_DOCUMENTATION_COMMENTS = YES;
				CLANG_WARN_EMPTY_BODY = YES;
				CLANG_WARN_ENUM_CONVERSION = YES;
				CLANG_WARN_INFINITE_RECURSION = YES;
				CLANG_WARN_INT_CONVERSION = YES;
				CLANG_WARN_NON_LITERAL_NULL_CONVERSION = YES;
				CLANG_WARN_OBJC_IMPLICIT_RETAIN_SELF = YES;
				CLANG_WARN_OBJC_LITERAL_CONVERSION = YES;
				CLANG_WARN_OBJC_ROOT_CLASS = YES_ERROR;
				CLANG_WARN_RANGE_LOOP_ANALYSIS = YES;
				CLANG_WARN_STRICT_PROTOTYPES = YES;
				CLANG_WARN_SUSPICIOUS_MOVE = YES;
				CLANG_WARN_UNGUARDED_AVAILABILITY = YES_AGGRESSIVE;
				CLANG_WARN_UNREACHABLE_CODE = YES;
				CLANG_WARN__DUPLICATE_METHOD_MATCH = YES;
				CODE_SIGN_IDENTITY = "iPhone Developer";
				COPY_PHASE_STRIP = NO;
				DEBUG_INFORMATION_FORMAT = dwarf;
				ENABLE_STRICT_OBJC_MSGSEND = YES;
				ENABLE_TESTABILITY = YES;
				GCC_C_LANGUAGE_STANDARD = gnu11;
				GCC_DYNAMIC_NO_PIC = NO;
				GCC_NO_COMMON_BLOCKS = YES;
				GCC_OPTIMIZATION_LEVEL = 0;
				GCC_PREPROCESSOR_DEFINITIONS = (
					"DEBUG=1",
					"$(inherited)",
				);
				GCC_WARN_64_TO_32_BIT_CONVERSION = YES;
				GCC_WARN_ABOUT_RETURN_TYPE = YES_ERROR;
				GCC_WARN_UNDECLARED_SELECTOR = YES;
				GCC_WARN_UNINITIALIZED_AUTOS = YES_AGGRESSIVE;
				GCC_WARN_UNUSED_FUNCTION = YES;
				GCC_WARN_UNUSED_VARIABLE = YES;
				IPHONEOS_DEPLOYMENT_TARGET = 11.4;
				MTL_ENABLE_DEBUG_INFO = YES;
				ONLY_ACTIVE_ARCH = YES;
				SDKROOT = iphoneos;
				SWIFT_ACTIVE_COMPILATION_CONDITIONS = DEBUG;
				SWIFT_OPTIMIZATION_LEVEL = "-Onone";
			};
			name = Debug;
		};
		40C8ED4A2111C73200A3F2E2 /* Release */ = {
			isa = XCBuildConfiguration;
			buildSettings = {
				ALWAYS_SEARCH_USER_PATHS = NO;
				CLANG_ANALYZER_NONNULL = YES;
				CLANG_ANALYZER_NUMBER_OBJECT_CONVERSION = YES_AGGRESSIVE;
				CLANG_CXX_LANGUAGE_STANDARD = "gnu++14";
				CLANG_CXX_LIBRARY = "libc++";
				CLANG_ENABLE_MODULES = YES;
				CLANG_ENABLE_OBJC_ARC = YES;
				CLANG_ENABLE_OBJC_WEAK = YES;
				CLANG_WARN_BLOCK_CAPTURE_AUTORELEASING = YES;
				CLANG_WARN_BOOL_CONVERSION = YES;
				CLANG_WARN_COMMA = YES;
				CLANG_WARN_CONSTANT_CONVERSION = YES;
				CLANG_WARN_DEPRECATED_OBJC_IMPLEMENTATIONS = YES;
				CLANG_WARN_DIRECT_OBJC_ISA_USAGE = YES_ERROR;
				CLANG_WARN_DOCUMENTATION_COMMENTS = YES;
				CLANG_WARN_EMPTY_BODY = YES;
				CLANG_WARN_ENUM_CONVERSION = YES;
				CLANG_WARN_INFINITE_RECURSION = YES;
				CLANG_WARN_INT_CONVERSION = YES;
				CLANG_WARN_NON_LITERAL_NULL_CONVERSION = YES;
				CLANG_WARN_OBJC_IMPLICIT_RETAIN_SELF = YES;
				CLANG_WARN_OBJC_LITERAL_CONVERSION = YES;
				CLANG_WARN_OBJC_ROOT_CLASS = YES_ERROR;
				CLANG_WARN_RANGE_LOOP_ANALYSIS = YES;
				CLANG_WARN_STRICT_PROTOTYPES = YES;
				CLANG_WARN_SUSPICIOUS_MOVE = YES;
				CLANG_WARN_UNGUARDED_AVAILABILITY = YES_AGGRESSIVE;
				CLANG_WARN_UNREACHABLE_CODE = YES;
				CLANG_WARN__DUPLICATE_METHOD_MATCH = YES;
				CODE_SIGN_IDENTITY = "iPhone Developer";
				COPY_PHASE_STRIP = NO;
				DEBUG_INFORMATION_FORMAT = "dwarf-with-dsym";
				ENABLE_NS_ASSERTIONS = NO;
				ENABLE_STRICT_OBJC_MSGSEND = YES;
				GCC_C_LANGUAGE_STANDARD = gnu11;
				GCC_NO_COMMON_BLOCKS = YES;
				GCC_WARN_64_TO_32_BIT_CONVERSION = YES;
				GCC_WARN_ABOUT_RETURN_TYPE = YES_ERROR;
				GCC_WARN_UNDECLARED_SELECTOR = YES;
				GCC_WARN_UNINITIALIZED_AUTOS = YES_AGGRESSIVE;
				GCC_WARN_UNUSED_FUNCTION = YES;
				GCC_WARN_UNUSED_VARIABLE = YES;
				IPHONEOS_DEPLOYMENT_TARGET = 11.4;
				MTL_ENABLE_DEBUG_INFO = NO;
				SDKROOT = iphoneos;
				SWIFT_COMPILATION_MODE = wholemodule;
				SWIFT_OPTIMIZATION_LEVEL = "-O";
				VALIDATE_PRODUCT = YES;
			};
			name = Release;
		};
		40C8ED4C2111C73200A3F2E2 /* Debug */ = {
			isa = XCBuildConfiguration;
			buildSettings = {
				ASSETCATALOG_COMPILER_APPICON_NAME = AppIcon;
				CODE_SIGN_STYLE = Automatic;
				DEVELOPMENT_TEAM = ZM7Z6QL6F3;
				FRAMEWORK_SEARCH_PATHS = (
					"$(inherited)",
					"$(PROJECT_DIR)/Carthage/Build/iOS",
				);
				INFOPLIST_FILE = MovieDBSearch/Info.plist;
				IPHONEOS_DEPLOYMENT_TARGET = 9.0;
				LD_RUNPATH_SEARCH_PATHS = (
					"$(inherited)",
					"@executable_path/Frameworks",
				);
				PRODUCT_BUNDLE_IDENTIFIER = kreativelab.co.MovieDBSearch;
				PRODUCT_NAME = "$(TARGET_NAME)";
				SWIFT_VERSION = 4.0;
				TARGETED_DEVICE_FAMILY = 1;
			};
			name = Debug;
		};
		40C8ED4D2111C73200A3F2E2 /* Release */ = {
			isa = XCBuildConfiguration;
			buildSettings = {
				ASSETCATALOG_COMPILER_APPICON_NAME = AppIcon;
				CODE_SIGN_STYLE = Automatic;
				DEVELOPMENT_TEAM = ZM7Z6QL6F3;
				FRAMEWORK_SEARCH_PATHS = (
					"$(inherited)",
					"$(PROJECT_DIR)/Carthage/Build/iOS",
				);
				INFOPLIST_FILE = MovieDBSearch/Info.plist;
				IPHONEOS_DEPLOYMENT_TARGET = 9.0;
				LD_RUNPATH_SEARCH_PATHS = (
					"$(inherited)",
					"@executable_path/Frameworks",
				);
				PRODUCT_BUNDLE_IDENTIFIER = kreativelab.co.MovieDBSearch;
				PRODUCT_NAME = "$(TARGET_NAME)";
				SWIFT_VERSION = 4.0;
				TARGETED_DEVICE_FAMILY = 1;
			};
			name = Release;
		};
		40C8ED4F2111C73200A3F2E2 /* Debug */ = {
			isa = XCBuildConfiguration;
			buildSettings = {
				ALWAYS_EMBED_SWIFT_STANDARD_LIBRARIES = YES;
				BUNDLE_LOADER = "$(TEST_HOST)";
				CODE_SIGN_STYLE = Automatic;
				DEVELOPMENT_TEAM = ZM7Z6QL6F3;
				INFOPLIST_FILE = MovieDBSearchTests/Info.plist;
				LD_RUNPATH_SEARCH_PATHS = (
					"$(inherited)",
					"@executable_path/Frameworks",
					"@loader_path/Frameworks",
				);
				PRODUCT_BUNDLE_IDENTIFIER = kreativelab.co.MovieDBSearchTests;
				PRODUCT_NAME = "$(TARGET_NAME)";
				SWIFT_VERSION = 4.0;
				TARGETED_DEVICE_FAMILY = "1,2";
				TEST_HOST = "$(BUILT_PRODUCTS_DIR)/MovieDBSearch.app/MovieDBSearch";
			};
			name = Debug;
		};
		40C8ED502111C73200A3F2E2 /* Release */ = {
			isa = XCBuildConfiguration;
			buildSettings = {
				ALWAYS_EMBED_SWIFT_STANDARD_LIBRARIES = YES;
				BUNDLE_LOADER = "$(TEST_HOST)";
				CODE_SIGN_STYLE = Automatic;
				DEVELOPMENT_TEAM = ZM7Z6QL6F3;
				INFOPLIST_FILE = MovieDBSearchTests/Info.plist;
				LD_RUNPATH_SEARCH_PATHS = (
					"$(inherited)",
					"@executable_path/Frameworks",
					"@loader_path/Frameworks",
				);
				PRODUCT_BUNDLE_IDENTIFIER = kreativelab.co.MovieDBSearchTests;
				PRODUCT_NAME = "$(TARGET_NAME)";
				SWIFT_VERSION = 4.0;
				TARGETED_DEVICE_FAMILY = "1,2";
				TEST_HOST = "$(BUILT_PRODUCTS_DIR)/MovieDBSearch.app/MovieDBSearch";
			};
			name = Release;
		};
		40C8ED522111C73200A3F2E2 /* Debug */ = {
			isa = XCBuildConfiguration;
			buildSettings = {
				ALWAYS_EMBED_SWIFT_STANDARD_LIBRARIES = YES;
				CODE_SIGN_STYLE = Automatic;
				DEVELOPMENT_TEAM = ZM7Z6QL6F3;
				INFOPLIST_FILE = MovieDBSearchUITests/Info.plist;
				LD_RUNPATH_SEARCH_PATHS = (
					"$(inherited)",
					"@executable_path/Frameworks",
					"@loader_path/Frameworks",
				);
				PRODUCT_BUNDLE_IDENTIFIER = kreativelab.co.MovieDBSearchUITests;
				PRODUCT_NAME = "$(TARGET_NAME)";
				SWIFT_VERSION = 4.0;
				TARGETED_DEVICE_FAMILY = "1,2";
				TEST_TARGET_NAME = MovieDBSearch;
			};
			name = Debug;
		};
		40C8ED532111C73200A3F2E2 /* Release */ = {
			isa = XCBuildConfiguration;
			buildSettings = {
				ALWAYS_EMBED_SWIFT_STANDARD_LIBRARIES = YES;
				CODE_SIGN_STYLE = Automatic;
				DEVELOPMENT_TEAM = ZM7Z6QL6F3;
				INFOPLIST_FILE = MovieDBSearchUITests/Info.plist;
				LD_RUNPATH_SEARCH_PATHS = (
					"$(inherited)",
					"@executable_path/Frameworks",
					"@loader_path/Frameworks",
				);
				PRODUCT_BUNDLE_IDENTIFIER = kreativelab.co.MovieDBSearchUITests;
				PRODUCT_NAME = "$(TARGET_NAME)";
				SWIFT_VERSION = 4.0;
				TARGETED_DEVICE_FAMILY = "1,2";
				TEST_TARGET_NAME = MovieDBSearch;
			};
			name = Release;
		};
/* End XCBuildConfiguration section */

/* Begin XCConfigurationList section */
		40C8ED1E2111C72F00A3F2E2 /* Build configuration list for PBXProject "MovieDBSearch" */ = {
			isa = XCConfigurationList;
			buildConfigurations = (
				40C8ED492111C73200A3F2E2 /* Debug */,
				40C8ED4A2111C73200A3F2E2 /* Release */,
			);
			defaultConfigurationIsVisible = 0;
			defaultConfigurationName = Release;
		};
		40C8ED4B2111C73200A3F2E2 /* Build configuration list for PBXNativeTarget "MovieDBSearch" */ = {
			isa = XCConfigurationList;
			buildConfigurations = (
				40C8ED4C2111C73200A3F2E2 /* Debug */,
				40C8ED4D2111C73200A3F2E2 /* Release */,
			);
			defaultConfigurationIsVisible = 0;
			defaultConfigurationName = Release;
		};
		40C8ED4E2111C73200A3F2E2 /* Build configuration list for PBXNativeTarget "MovieDBSearchTests" */ = {
			isa = XCConfigurationList;
			buildConfigurations = (
				40C8ED4F2111C73200A3F2E2 /* Debug */,
				40C8ED502111C73200A3F2E2 /* Release */,
			);
			defaultConfigurationIsVisible = 0;
			defaultConfigurationName = Release;
		};
		40C8ED512111C73200A3F2E2 /* Build configuration list for PBXNativeTarget "MovieDBSearchUITests" */ = {
			isa = XCConfigurationList;
			buildConfigurations = (
				40C8ED522111C73200A3F2E2 /* Debug */,
				40C8ED532111C73200A3F2E2 /* Release */,
			);
			defaultConfigurationIsVisible = 0;
			defaultConfigurationName = Release;
		};
/* End XCConfigurationList section */
	};
	rootObject = 40C8ED1B2111C72F00A3F2E2 /* Project object */;
}
