// !$*UTF8*$!
{
	archiveVersion = 1;
	classes = {
	};
	objectVersion = 50;
	objects = {

/* Begin PBXBuildFile section */
		40C8ED272111C72F00A3F2E2 /* AppDelegate.swift in Sources */ = {isa = PBXBuildFile; fileRef = 40C8ED262111C72F00A3F2E2 /* AppDelegate.swift */; };
		40C8ED292111C72F00A3F2E2 /* ViewController.swift in Sources */ = {isa = PBXBuildFile; fileRef = 40C8ED282111C72F00A3F2E2 /* ViewController.swift */; };
		40C8ED2C2111C72F00A3F2E2 /* Main.storyboard in Resources */ = {isa = PBXBuildFile; fileRef = 40C8ED2A2111C72F00A3F2E2 /* Main.storyboard */; };
		40C8ED2E2111C73200A3F2E2 /* Assets.xcassets in Resources */ = {isa = PBXBuildFile; fileRef = 40C8ED2D2111C73200A3F2E2 /* Assets.xcassets */; };
		40C8ED312111C73200A3F2E2 /* LaunchScreen.storyboard in Resources */ = {isa = PBXBuildFile; fileRef = 40C8ED2F2111C73200A3F2E2 /* LaunchScreen.storyboard */; };
		40C8ED3C2111C73200A3F2E2 /* MovieDBSearchTests.swift in Sources */ = {isa = PBXBuildFile; fileRef = 40C8ED3B2111C73200A3F2E2 /* MovieDBSearchTests.swift */; };
		40C8ED472111C73200A3F2E2 /* MovieDBSearchUITests.swift in Sources */ = {isa = PBXBuildFile; fileRef = 40C8ED462111C73200A3F2E2 /* MovieDBSearchUITests.swift */; };
/* End PBXBuildFile section */

/* Begin PBXContainerItemProxy section */
		40C8ED382111C73200A3F2E2 /* PBXContainerItemProxy */ = {
			isa = PBXContainerItemProxy;
			containerPortal = 40C8ED1B2111C72F00A3F2E2 /* Project object */;
			proxyType = 1;
			remoteGlobalIDString = 40C8ED222111C72F00A3F2E2;
			remoteInfo = MovieDBSearch;
		};
		40C8ED432111C73200A3F2E2 /* PBXContainerItemProxy */ = {
			isa = PBXContainerItemProxy;
			containerPortal = 40C8ED1B2111C72F00A3F2E2 /* Project object */;
			proxyType = 1;
			remoteGlobalIDString = 40C8ED222111C72F00A3F2E2;
			remoteInfo = MovieDBSearch;
		};
/* End PBXContainerItemProxy section */

/* Begin PBXFileReference section */
		40C8ED232111C72F00A3F2E2 /* MovieDBSearch.app */ = {isa = PBXFileReference; explicitFileType = wrapper.application; includeInIndex = 0; path = MovieDBSearch.app; sourceTree = BUILT_PRODUCTS_DIR; };
		40C8ED262111C72F00A3F2E2 /* AppDelegate.swift */ = {isa = PBXFileReference; lastKnownFileType = sourcecode.swift; path = AppDelegate.swift; sourceTree = "<group>"; };
		40C8ED282111C72F00A3F2E2 /* ViewController.swift */ = {isa = PBXFileReference; lastKnownFileType = sourcecode.swift; path = ViewController.swift; sourceTree = "<group>"; };
		40C8ED2B2111C72F00A3F2E2 /* Base */ = {isa = PBXFileReference; lastKnownFileType = file.storyboard; name = Base; path = Base.lproj/Main.storyboard; sourceTree = "<group>"; };
		40C8ED2D2111C73200A3F2E2 /* Assets.xcassets */ = {isa = PBXFileReference; lastKnownFileType = folder.assetcatalog; path = Assets.xcassets; sourceTree = "<group>"; };
		40C8ED302111C73200A3F2E2 /* Base */ = {isa = PBXFileReference; lastKnownFileType = file.storyboard; name = Base; path = Base.lproj/LaunchScreen.storyboard; sourceTree = "<group>"; };
		40C8ED322111C73200A3F2E2 /* Info.plist */ = {isa = PBXFileReference; lastKnownFileType = text.plist.xml; path = Info.plist; sourceTree = "<group>"; };
		40C8ED372111C73200A3F2E2 /* MovieDBSearchTests.xctest */ = {isa = PBXFileReference; explicitFileType = wrapper.cfbundle; includeInIndex = 0; path = MovieDBSearchTests.xctest; sourceTree = BUILT_PRODUCTS_DIR; };
		40C8ED3B2111C73200A3F2E2 /* MovieDBSearchTests.swift */ = {isa = PBXFileReference; lastKnownFileType = sourcecode.swift; path = MovieDBSearchTests.swift; sourceTree = "<group>"; };
		40C8ED3D2111C73200A3F2E2 /* Info.plist */ = {isa = PBXFileReference; lastKnownFileType = text.plist.xml; path = Info.plist; sourceTree = "<group>"; };
		40C8ED422111C73200A3F2E2 /* MovieDBSearchUITests.xctest */ = {isa = PBXFileReference; explicitFileType = wrapper.cfbundle; includeInIndex = 0; path = MovieDBSearchUITests.xctest; sourceTree = BUILT_PRODUCTS_DIR; };
		40C8ED462111C73200A3F2E2 /* MovieDBSearchUITests.swift */ = {isa = PBXFileReference; lastKnownFileType = sourcecode.swift; path = MovieDBSearchUITests.swift; sourceTree = "<group>"; };
		40C8ED482111C73200A3F2E2 /* Info.plist */ = {isa = PBXFileReference; lastKnownFileType = text.plist.xml; path = Info.plist; sourceTree = "<group>"; };
/* End PBXFileReference section */

/* Begin PBXFrameworksBuildPhase section */
		40C8ED202111C72F00A3F2E2 /* Frameworks */ = {
			isa = PBXFrameworksBuildPhase;
			buildActionMask = 2147483647;
			files = (
			);
			runOnlyForDeploymentPostprocessing = 0;
		};
		40C8ED342111C73200A3F2E2 /* Frameworks */ = {
			isa = PBXFrameworksBuildPhase;
			buildActionMask = 2147483647;
			files = (
			);
			runOnlyForDeploymentPostprocessing = 0;
		};
		40C8ED3F2111C73200A3F2E2 /* Frameworks */ = {
			isa = PBXFrameworksBuildPhase;
			buildActionMask = 2147483647;
			files = (
			);
			runOnlyForDeploymentPostprocessing = 0;
		};
/* End PBXFrameworksBuildPhase section */

/* Begin PBXGroup section */
		40C8ED1A2111C72F00A3F2E2 = {
			isa = PBXGroup;
			children = (
				40C8ED252111C72F00A3F2E2 /* MovieDBSearch */,
				40C8ED3A2111C73200A3F2E2 /* MovieDBSearchTests */,
				40C8ED452111C73200A3F2E2 /* MovieDBSearchUITests */,
				40C8ED242111C72F00A3F2E2 /* Products */,
			);
			sourceTree = "<group>";
		};
		40C8ED242111C72F00A3F2E2 /* Products */ = {
			isa = PBXGroup;
			children = (
				40C8ED232111C72F00A3F2E2 /* MovieDBSearch.app */,
				40C8ED372111C73200A3F2E2 /* MovieDBSearchTests.xctest */,
				40C8ED422111C73200A3F2E2 /* MovieDBSearchUITests.xctest */,
			);
			name = Products;
			sourceTree = "<group>";
		};
		40C8ED252111C72F00A3F2E2 /* MovieDBSearch */ = {
			isa = PBXGroup;
			children = (
				40C8ED262111C72F00A3F2E2 /* AppDelegate.swift */,
				40C8ED282111C72F00A3F2E2 /* ViewController.swift */,
				40C8ED2A2111C72F00A3F2E2 /* Main.storyboard */,
				40C8ED2D2111C73200A3F2E2 /* Assets.xcassets */,
				40C8ED2F2111C73200A3F2E2 /* LaunchScreen.storyboard */,
				40C8ED322111C73200A3F2E2 /* Info.plist */,
			);
			path = MovieDBSearch;
			sourceTree = "<group>";
		};
		40C8ED3A2111C73200A3F2E2 /* MovieDBSearchTests */ = {
			isa = PBXGroup;
			children = (
				40C8ED3B2111C73200A3F2E2 /* MovieDBSearchTests.swift */,
				40C8ED3D2111C73200A3F2E2 /* Info.plist */,
			);
			path = MovieDBSearchTests;
			sourceTree = "<group>";
		};
		40C8ED452111C73200A3F2E2 /* MovieDBSearchUITests */ = {
			isa = PBXGroup;
			children = (
				40C8ED462111C73200A3F2E2 /* MovieDBSearchUITests.swift */,
				40C8ED482111C73200A3F2E2 /* Info.plist */,
			);
			path = MovieDBSearchUITests;
			sourceTree = "<group>";
		};
/* End PBXGroup section */

/* Begin PBXNativeTarget section */
		40C8ED222111C72F00A3F2E2 /* MovieDBSearch */ = {
			isa = PBXNativeTarget;
			buildConfigurationList = 40C8ED4B2111C73200A3F2E2 /* Build configuration list for PBXNativeTarget "MovieDBSearch" */;
			buildPhases = (
				40C8ED1F2111C72F00A3F2E2 /* Sources */,
				40C8ED202111C72F00A3F2E2 /* Frameworks */,
				40C8ED212111C72F00A3F2E2 /* Resources */,
			);
			buildRules = (
			);
			dependencies = (
			);
			name = MovieDBSearch;
			productName = MovieDBSearch;
			productReference = 40C8ED232111C72F00A3F2E2 /* MovieDBSearch.app */;
			productType = "com.apple.product-type.application";
		};
		40C8ED362111C73200A3F2E2 /* MovieDBSearchTests */ = {
			isa = PBXNativeTarget;
			buildConfigurationList = 40C8ED4E2111C73200A3F2E2 /* Build configuration list for PBXNativeTarget "MovieDBSearchTests" */;
			buildPhases = (
				40C8ED332111C73200A3F2E2 /* Sources */,
				40C8ED342111C73200A3F2E2 /* Frameworks */,
				40C8ED352111C73200A3F2E2 /* Resources */,
			);
			buildRules = (
			);
			dependencies = (
				40C8ED392111C73200A3F2E2 /* PBXTargetDependency */,
			);
			name = MovieDBSearchTests;
			productName = MovieDBSearchTests;
			productReference = 40C8ED372111C73200A3F2E2 /* MovieDBSearchTests.xctest */;
			productType = "com.apple.product-type.bundle.unit-test";
		};
		40C8ED412111C73200A3F2E2 /* MovieDBSearchUITests */ = {
			isa = PBXNativeTarget;
			buildConfigurationList = 40C8ED512111C73200A3F2E2 /* Build configuration list for PBXNativeTarget "MovieDBSearchUITests" */;
			buildPhases = (
				40C8ED3E2111C73200A3F2E2 /* Sources */,
				40C8ED3F2111C73200A3F2E2 /* Frameworks */,
				40C8ED402111C73200A3F2E2 /* Resources */,
			);
			buildRules = (
			);
			dependencies = (
				40C8ED442111C73200A3F2E2 /* PBXTargetDependency */,
			);
			name = MovieDBSearchUITests;
			productName = MovieDBSearchUITests;
			productReference = 40C8ED422111C73200A3F2E2 /* MovieDBSearchUITests.xctest */;
			productType = "com.apple.product-type.bundle.ui-testing";
		};
/* End PBXNativeTarget section */

/* Begin PBXProject section */
		40C8ED1B2111C72F00A3F2E2 /* Project object */ = {
			isa = PBXProject;
			attributes = {
				LastSwiftUpdateCheck = 0940;
				LastUpgradeCheck = 0940;
				ORGANIZATIONNAME = "Ibrahima Ciss";
				TargetAttributes = {
					40C8ED222111C72F00A3F2E2 = {
						CreatedOnToolsVersion = 9.4;
					};
					40C8ED362111C73200A3F2E2 = {
						CreatedOnToolsVersion = 9.4;
						TestTargetID = 40C8ED222111C72F00A3F2E2;
					};
					40C8ED412111C73200A3F2E2 = {
						CreatedOnToolsVersion = 9.4;
						TestTargetID = 40C8ED222111C72F00A3F2E2;
					};
				};
			};
			buildConfigurationList = 40C8ED1E2111C72F00A3F2E2 /* Build configuration list for PBXProject "MovieDBSearch" */;
			compatibilityVersion = "Xcode 9.3";
			developmentRegion = en;
			hasScannedForEncodings = 0;
			knownRegions = (
				en,
				Base,
			);
			mainGroup = 40C8ED1A2111C72F00A3F2E2;
			productRefGroup = 40C8ED242111C72F00A3F2E2 /* Products */;
			projectDirPath = "";
			projectRoot = "";
			targets = (
				40C8ED222111C72F00A3F2E2 /* MovieDBSearch */,
				40C8ED362111C73200A3F2E2 /* MovieDBSearchTests */,
				40C8ED412111C73200A3F2E2 /* MovieDBSearchUITests */,
			);
		};
/* End PBXProject section */

/* Begin PBXResourcesBuildPhase section */
		40C8ED212111C72F00A3F2E2 /* Resources */ = {
			isa = PBXResourcesBuildPhase;
			buildActionMask = 2147483647;
			files = (
				40C8ED312111C73200A3F2E2 /* LaunchScreen.storyboard in Resources */,
				40C8ED2E2111C73200A3F2E2 /* Assets.xcassets in Resources */,
				40C8ED2C2111C72F00A3F2E2 /* Main.storyboard in Resources */,
			);
			runOnlyForDeploymentPostprocessing = 0;
		};
		40C8ED352111C73200A3F2E2 /* Resources */ = {
			isa = PBXResourcesBuildPhase;
			buildActionMask = 2147483647;
			files = (
			);
			runOnlyForDeploymentPostprocessing = 0;
		};
		40C8ED402111C73200A3F2E2 /* Resources */ = {
			isa = PBXResourcesBuildPhase;
			buildActionMask = 2147483647;
			files = (
			);
			runOnlyForDeploymentPostprocessing = 0;
		};
/* End PBXResourcesBuildPhase section */

/* Begin PBXSourcesBuildPhase section */
		40C8ED1F2111C72F00A3F2E2 /* Sources */ = {
			isa = PBXSourcesBuildPhase;
			buildActionMask = 2147483647;
			files = (
				40C8ED292111C72F00A3F2E2 /* ViewController.swift in Sources */,
				40C8ED272111C72F00A3F2E2 /* AppDelegate.swift in Sources */,
			);
			runOnlyForDeploymentPostprocessing = 0;
		};
		40C8ED332111C73200A3F2E2 /* Sources */ = {
			isa = PBXSourcesBuildPhase;
			buildActionMask = 2147483647;
			files = (
				40C8ED3C2111C73200A3F2E2 /* MovieDBSearchTests.swift in Sources */,
			);
			runOnlyForDeploymentPostprocessing = 0;
		};
		40C8ED3E2111C73200A3F2E2 /* Sources */ = {
			isa = PBXSourcesBuildPhase;
			buildActionMask = 2147483647;
			files = (
				40C8ED472111C73200A3F2E2 /* MovieDBSearchUITests.swift in Sources */,
			);
			runOnlyForDeploymentPostprocessing = 0;
		};
/* End PBXSourcesBuildPhase section */

/* Begin PBXTargetDependency section */
		40C8ED392111C73200A3F2E2 /* PBXTargetDependency */ = {
			isa = PBXTargetDependency;
			target = 40C8ED222111C72F00A3F2E2 /* MovieDBSearch */;
			targetProxy = 40C8ED382111C73200A3F2E2 /* PBXContainerItemProxy */;
		};
		40C8ED442111C73200A3F2E2 /* PBXTargetDependency */ = {
			isa = PBXTargetDependency;
			target = 40C8ED222111C72F00A3F2E2 /* MovieDBSearch */;
			targetProxy = 40C8ED432111C73200A3F2E2 /* PBXContainerItemProxy */;
		};
/* End PBXTargetDependency section */

/* Begin PBXVariantGroup section */
		40C8ED2A2111C72F00A3F2E2 /* Main.storyboard */ = {
			isa = PBXVariantGroup;
			children = (
				40C8ED2B2111C72F00A3F2E2 /* Base */,
			);
			name = Main.storyboard;
			sourceTree = "<group>";
		};
		40C8ED2F2111C73200A3F2E2 /* LaunchScreen.storyboard */ = {
			isa = PBXVariantGroup;
			children = (
				40C8ED302111C73200A3F2E2 /* Base */,
			);
			name = LaunchScreen.storyboard;
			sourceTree = "<group>";
		};
/* End PBXVariantGroup section */

/* Begin XCBuildConfiguration section */
		40C8ED492111C73200A3F2E2 /* Debug */ = {
			isa = XCBuildConfiguration;
			buildSettings = {
				ALWAYS_SEARCH_USER_PATHS = NO;
				CLANG_ANALYZER_NONNULL = YES;
				CLANG_ANALYZER_NUMBER_OBJECT_CONVERSION = YES_AGGRESSIVE;
				CLANG_CXX_LANGUAGE_STANDARD = "gnu++14";
				CLANG_CXX_LIBRARY = "libc++";
				CLANG_ENABLE_MODULES = YES;
				CLANG_ENABLE_OBJC_ARC = YES;
				CLANG_ENABLE_OBJC_WEAK = YES;
				CLANG_WARN_BLOCK_CAPTURE_AUTORELEASING = YES;
				CLANG_WARN_BOOL_CONVERSION = YES;
				CLANG_WARN_COMMA = YES;
				CLANG_WARN_CONSTANT_CONVERSION = YES;
				CLANG_WARN_DEPRECATED_OBJC_IMPLEMENTATIONS = YES;
				CLANG_WARN_DIRECT_OBJC_ISA_USAGE = YES_ERROR;
				CLANG_WARN_DOCUMENTATION_COMMENTS = YES;
				CLANG_WARN_EMPTY_BODY = YES;
				CLANG_WARN_ENUM_CONVERSION = YES;
				CLANG_WARN_INFINITE_RECURSION = YES;
				CLANG_WARN_INT_CONVERSION = YES;
				CLANG_WARN_NON_LITERAL_NULL_CONVERSION = YES;
				CLANG_WARN_OBJC_IMPLICIT_RETAIN_SELF = YES;
				CLANG_WARN_OBJC_LITERAL_CONVERSION = YES;
				CLANG_WARN_OBJC_ROOT_CLASS = YES_ERROR;
				CLANG_WARN_RANGE_LOOP_ANALYSIS = YES;
				CLANG_WARN_STRICT_PROTOTYPES = YES;
				CLANG_WARN_SUSPICIOUS_MOVE = YES;
				CLANG_WARN_UNGUARDED_AVAILABILITY = YES_AGGRESSIVE;
				CLANG_WARN_UNREACHABLE_CODE = YES;
				CLANG_WARN__DUPLICATE_METHOD_MATCH = YES;
				CODE_SIGN_IDENTITY = "iPhone Developer";
				COPY_PHASE_STRIP = NO;
				DEBUG_INFORMATION_FORMAT = dwarf;
				ENABLE_STRICT_OBJC_MSGSEND = YES;
				ENABLE_TESTABILITY = YES;
				GCC_C_LANGUAGE_STANDARD = gnu11;
				GCC_DYNAMIC_NO_PIC = NO;
				GCC_NO_COMMON_BLOCKS = YES;
				GCC_OPTIMIZATION_LEVEL = 0;
				GCC_PREPROCESSOR_DEFINITIONS = (
					"DEBUG=1",
					"$(inherited)",
				);
				GCC_WARN_64_TO_32_BIT_CONVERSION = YES;
				GCC_WARN_ABOUT_RETURN_TYPE = YES_ERROR;
				GCC_WARN_UNDECLARED_SELECTOR = YES;
				GCC_WARN_UNINITIALIZED_AUTOS = YES_AGGRESSIVE;
				GCC_WARN_UNUSED_FUNCTION = YES;
				GCC_WARN_UNUSED_VARIABLE = YES;
				IPHONEOS_DEPLOYMENT_TARGET = 11.4;
				MTL_ENABLE_DEBUG_INFO = YES;
				ONLY_ACTIVE_ARCH = YES;
				SDKROOT = iphoneos;
				SWIFT_ACTIVE_COMPILATION_CONDITIONS = DEBUG;
				SWIFT_OPTIMIZATION_LEVEL = "-Onone";
			};
			name = Debug;
		};
		40C8ED4A2111C73200A3F2E2 /* Release */ = {
			isa = XCBuildConfiguration;
			buildSettings = {
				ALWAYS_SEARCH_USER_PATHS = NO;
				CLANG_ANALYZER_NONNULL = YES;
				CLANG_ANALYZER_NUMBER_OBJECT_CONVERSION = YES_AGGRESSIVE;
				CLANG_CXX_LANGUAGE_STANDARD = "gnu++14";
				CLANG_CXX_LIBRARY = "libc++";
				CLANG_ENABLE_MODULES = YES;
				CLANG_ENABLE_OBJC_ARC = YES;
				CLANG_ENABLE_OBJC_WEAK = YES;
				CLANG_WARN_BLOCK_CAPTURE_AUTORELEASING = YES;
				CLANG_WARN_BOOL_CONVERSION = YES;
				CLANG_WARN_COMMA = YES;
				CLANG_WARN_CONSTANT_CONVERSION = YES;
				CLANG_WARN_DEPRECATED_OBJC_IMPLEMENTATIONS = YES;
				CLANG_WARN_DIRECT_OBJC_ISA_USAGE = YES_ERROR;
				CLANG_WARN_DOCUMENTATION_COMMENTS = YES;
				CLANG_WARN_EMPTY_BODY = YES;
				CLANG_WARN_ENUM_CONVERSION = YES;
				CLANG_WARN_INFINITE_RECURSION = YES;
				CLANG_WARN_INT_CONVERSION = YES;
				CLANG_WARN_NON_LITERAL_NULL_CONVERSION = YES;
				CLANG_WARN_OBJC_IMPLICIT_RETAIN_SELF = YES;
				CLANG_WARN_OBJC_LITERAL_CONVERSION = YES;
				CLANG_WARN_OBJC_ROOT_CLASS = YES_ERROR;
				CLANG_WARN_RANGE_LOOP_ANALYSIS = YES;
				CLANG_WARN_STRICT_PROTOTYPES = YES;
				CLANG_WARN_SUSPICIOUS_MOVE = YES;
				CLANG_WARN_UNGUARDED_AVAILABILITY = YES_AGGRESSIVE;
				CLANG_WARN_UNREACHABLE_CODE = YES;
				CLANG_WARN__DUPLICATE_METHOD_MATCH = YES;
				CODE_SIGN_IDENTITY = "iPhone Developer";
				COPY_PHASE_STRIP = NO;
				DEBUG_INFORMATION_FORMAT = "dwarf-with-dsym";
				ENABLE_NS_ASSERTIONS = NO;
				ENABLE_STRICT_OBJC_MSGSEND = YES;
				GCC_C_LANGUAGE_STANDARD = gnu11;
				GCC_NO_COMMON_BLOCKS = YES;
				GCC_WARN_64_TO_32_BIT_CONVERSION = YES;
				GCC_WARN_ABOUT_RETURN_TYPE = YES_ERROR;
				GCC_WARN_UNDECLARED_SELECTOR = YES;
				GCC_WARN_UNINITIALIZED_AUTOS = YES_AGGRESSIVE;
				GCC_WARN_UNUSED_FUNCTION = YES;
				GCC_WARN_UNUSED_VARIABLE = YES;
				IPHONEOS_DEPLOYMENT_TARGET = 11.4;
				MTL_ENABLE_DEBUG_INFO = NO;
				SDKROOT = iphoneos;
				SWIFT_COMPILATION_MODE = wholemodule;
				SWIFT_OPTIMIZATION_LEVEL = "-O";
				VALIDATE_PRODUCT = YES;
			};
			name = Release;
		};
		40C8ED4C2111C73200A3F2E2 /* Debug */ = {
			isa = XCBuildConfiguration;
			buildSettings = {
				ASSETCATALOG_COMPILER_APPICON_NAME = AppIcon;
				CODE_SIGN_STYLE = Automatic;
				DEVELOPMENT_TEAM = ZM7Z6QL6F3;
				INFOPLIST_FILE = MovieDBSearch/Info.plist;
				LD_RUNPATH_SEARCH_PATHS = (
					"$(inherited)",
					"@executable_path/Frameworks",
				);
				PRODUCT_BUNDLE_IDENTIFIER = kreativelab.co.MovieDBSearch;
				PRODUCT_NAME = "$(TARGET_NAME)";
				SWIFT_VERSION = 4.0;
				TARGETED_DEVICE_FAMILY = "1,2";
			};
			name = Debug;
		};
		40C8ED4D2111C73200A3F2E2 /* Release */ = {
			isa = XCBuildConfiguration;
			buildSettings = {
				ASSETCATALOG_COMPILER_APPICON_NAME = AppIcon;
				CODE_SIGN_STYLE = Automatic;
				DEVELOPMENT_TEAM = ZM7Z6QL6F3;
				INFOPLIST_FILE = MovieDBSearch/Info.plist;
				LD_RUNPATH_SEARCH_PATHS = (
					"$(inherited)",
					"@executable_path/Frameworks",
				);
				PRODUCT_BUNDLE_IDENTIFIER = kreativelab.co.MovieDBSearch;
				PRODUCT_NAME = "$(TARGET_NAME)";
				SWIFT_VERSION = 4.0;
				TARGETED_DEVICE_FAMILY = "1,2";
			};
			name = Release;
		};
		40C8ED4F2111C73200A3F2E2 /* Debug */ = {
			isa = XCBuildConfiguration;
			buildSettings = {
				ALWAYS_EMBED_SWIFT_STANDARD_LIBRARIES = YES;
				BUNDLE_LOADER = "$(TEST_HOST)";
				CODE_SIGN_STYLE = Automatic;
				DEVELOPMENT_TEAM = ZM7Z6QL6F3;
				INFOPLIST_FILE = MovieDBSearchTests/Info.plist;
				LD_RUNPATH_SEARCH_PATHS = (
					"$(inherited)",
					"@executable_path/Frameworks",
					"@loader_path/Frameworks",
				);
				PRODUCT_BUNDLE_IDENTIFIER = kreativelab.co.MovieDBSearchTests;
				PRODUCT_NAME = "$(TARGET_NAME)";
				SWIFT_VERSION = 4.0;
				TARGETED_DEVICE_FAMILY = "1,2";
				TEST_HOST = "$(BUILT_PRODUCTS_DIR)/MovieDBSearch.app/MovieDBSearch";
			};
			name = Debug;
		};
		40C8ED502111C73200A3F2E2 /* Release */ = {
			isa = XCBuildConfiguration;
			buildSettings = {
				ALWAYS_EMBED_SWIFT_STANDARD_LIBRARIES = YES;
				BUNDLE_LOADER = "$(TEST_HOST)";
				CODE_SIGN_STYLE = Automatic;
				DEVELOPMENT_TEAM = ZM7Z6QL6F3;
				INFOPLIST_FILE = MovieDBSearchTests/Info.plist;
				LD_RUNPATH_SEARCH_PATHS = (
					"$(inherited)",
					"@executable_path/Frameworks",
					"@loader_path/Frameworks",
				);
				PRODUCT_BUNDLE_IDENTIFIER = kreativelab.co.MovieDBSearchTests;
				PRODUCT_NAME = "$(TARGET_NAME)";
				SWIFT_VERSION = 4.0;
				TARGETED_DEVICE_FAMILY = "1,2";
				TEST_HOST = "$(BUILT_PRODUCTS_DIR)/MovieDBSearch.app/MovieDBSearch";
			};
			name = Release;
		};
		40C8ED522111C73200A3F2E2 /* Debug */ = {
			isa = XCBuildConfiguration;
			buildSettings = {
				ALWAYS_EMBED_SWIFT_STANDARD_LIBRARIES = YES;
				CODE_SIGN_STYLE = Automatic;
				DEVELOPMENT_TEAM = ZM7Z6QL6F3;
				INFOPLIST_FILE = MovieDBSearchUITests/Info.plist;
				LD_RUNPATH_SEARCH_PATHS = (
					"$(inherited)",
					"@executable_path/Frameworks",
					"@loader_path/Frameworks",
				);
				PRODUCT_BUNDLE_IDENTIFIER = kreativelab.co.MovieDBSearchUITests;
				PRODUCT_NAME = "$(TARGET_NAME)";
				SWIFT_VERSION = 4.0;
				TARGETED_DEVICE_FAMILY = "1,2";
				TEST_TARGET_NAME = MovieDBSearch;
			};
			name = Debug;
		};
		40C8ED532111C73200A3F2E2 /* Release */ = {
			isa = XCBuildConfiguration;
			buildSettings = {
				ALWAYS_EMBED_SWIFT_STANDARD_LIBRARIES = YES;
				CODE_SIGN_STYLE = Automatic;
				DEVELOPMENT_TEAM = ZM7Z6QL6F3;
				INFOPLIST_FILE = MovieDBSearchUITests/Info.plist;
				LD_RUNPATH_SEARCH_PATHS = (
					"$(inherited)",
					"@executable_path/Frameworks",
					"@loader_path/Frameworks",
				);
				PRODUCT_BUNDLE_IDENTIFIER = kreativelab.co.MovieDBSearchUITests;
				PRODUCT_NAME = "$(TARGET_NAME)";
				SWIFT_VERSION = 4.0;
				TARGETED_DEVICE_FAMILY = "1,2";
				TEST_TARGET_NAME = MovieDBSearch;
			};
			name = Release;
		};
/* End XCBuildConfiguration section */

/* Begin XCConfigurationList section */
		40C8ED1E2111C72F00A3F2E2 /* Build configuration list for PBXProject "MovieDBSearch" */ = {
			isa = XCConfigurationList;
			buildConfigurations = (
				40C8ED492111C73200A3F2E2 /* Debug */,
				40C8ED4A2111C73200A3F2E2 /* Release */,
			);
			defaultConfigurationIsVisible = 0;
			defaultConfigurationName = Release;
		};
		40C8ED4B2111C73200A3F2E2 /* Build configuration list for PBXNativeTarget "MovieDBSearch" */ = {
			isa = XCConfigurationList;
			buildConfigurations = (
				40C8ED4C2111C73200A3F2E2 /* Debug */,
				40C8ED4D2111C73200A3F2E2 /* Release */,
			);
			defaultConfigurationIsVisible = 0;
			defaultConfigurationName = Release;
		};
		40C8ED4E2111C73200A3F2E2 /* Build configuration list for PBXNativeTarget "MovieDBSearchTests" */ = {
			isa = XCConfigurationList;
			buildConfigurations = (
				40C8ED4F2111C73200A3F2E2 /* Debug */,
				40C8ED502111C73200A3F2E2 /* Release */,
			);
			defaultConfigurationIsVisible = 0;
			defaultConfigurationName = Release;
		};
		40C8ED512111C73200A3F2E2 /* Build configuration list for PBXNativeTarget "MovieDBSearchUITests" */ = {
			isa = XCConfigurationList;
			buildConfigurations = (
				40C8ED522111C73200A3F2E2 /* Debug */,
				40C8ED532111C73200A3F2E2 /* Release */,
			);
			defaultConfigurationIsVisible = 0;
			defaultConfigurationName = Release;
		};
/* End XCConfigurationList section */
	};
	rootObject = 40C8ED1B2111C72F00A3F2E2 /* Project object */;
}
